// !$*UTF8*$!
{
	archiveVersion = 1;
	classes = {
	};
	objectVersion = 52;
	objects = {

/* Begin PBXBuildFile section */
		4A0FFEA522B438B000D6A33A /* FirebaseErrorHandler.swift in Sources */ = {isa = PBXBuildFile; fileRef = 4A0FFEA422B438B000D6A33A /* FirebaseErrorHandler.swift */; };
		4A27022C22CD409D005DA22A /* NPSModel.swift in Sources */ = {isa = PBXBuildFile; fileRef = 4A27022222CD409C005DA22A /* NPSModel.swift */; };
		4A4C68C12295796200EDC8C6 /* Images.xcassets in Resources */ = {isa = PBXBuildFile; fileRef = 4A4C68872295796100EDC8C6 /* Images.xcassets */; };
		4A4C68C42295796200EDC8C6 /* AppConstants.swift in Sources */ = {isa = PBXBuildFile; fileRef = 4A4C688D2295796100EDC8C6 /* AppConstants.swift */; };
		4A4C68DA2295796200EDC8C6 /* LaunchScreen.xib in Resources */ = {isa = PBXBuildFile; fileRef = 4A4C68A92295796100EDC8C6 /* LaunchScreen.xib */; };
		4A4C68DC2295796200EDC8C6 /* AppDelegate.swift in Sources */ = {isa = PBXBuildFile; fileRef = 4A4C68AC2295796100EDC8C6 /* AppDelegate.swift */; };
		4A8E0E6E22CD3F6500897D38 /* animatedLoadingPurple.json in Resources */ = {isa = PBXBuildFile; fileRef = 4A8E0E6722CD3F6400897D38 /* animatedLoadingPurple.json */; };
		4A8E0E7022CD3F6500897D38 /* star.json in Resources */ = {isa = PBXBuildFile; fileRef = 4A8E0E6822CD3F6400897D38 /* star.json */; };
		4A8E0E7222CD3F6500897D38 /* animatedLoadingWhite.json in Resources */ = {isa = PBXBuildFile; fileRef = 4A8E0E6922CD3F6400897D38 /* animatedLoadingWhite.json */; };
		4A8E0E7422CD3F6500897D38 /* refreshAnimationPurple.json in Resources */ = {isa = PBXBuildFile; fileRef = 4A8E0E6A22CD3F6400897D38 /* refreshAnimationPurple.json */; };
		4A8E0E7622CD3F6500897D38 /* animatedLogo.json in Resources */ = {isa = PBXBuildFile; fileRef = 4A8E0E6B22CD3F6400897D38 /* animatedLogo.json */; };
		4A8E0E7822CD3F6500897D38 /* animatedLogoWhite.json in Resources */ = {isa = PBXBuildFile; fileRef = 4A8E0E6C22CD3F6500897D38 /* animatedLogoWhite.json */; };
		4A8E0E7A22CD3F6500897D38 /* closePlusAnimation.json in Resources */ = {isa = PBXBuildFile; fileRef = 4A8E0E6D22CD3F6500897D38 /* closePlusAnimation.json */; };
		4AFF3E6022B9B32E0056A167 /* LocalCrypto.swift in Sources */ = {isa = PBXBuildFile; fileRef = 4AFF3E5F22B9B32E0056A167 /* LocalCrypto.swift */; };
		4AFF3EEA22BC00820056A167 /* GoogleServiceInfoProd.plist in Resources */ = {isa = PBXBuildFile; fileRef = 4AFF3E6D22BB207E0056A167 /* GoogleServiceInfoProd.plist */; };
		4AFF3F0422BF12120056A167 /* ConnectorRoutes.swift in Sources */ = {isa = PBXBuildFile; fileRef = 4AFF3F0322BF12120056A167 /* ConnectorRoutes.swift */; };
		76069E5924C3EED6009DED56 /* LoadingView.swift in Sources */ = {isa = PBXBuildFile; fileRef = 76069E5824C3EED6009DED56 /* LoadingView.swift */; };
		76069E5C24C4DA96009DED56 /* LoadingButton.swift in Sources */ = {isa = PBXBuildFile; fileRef = 76069E5B24C4DA96009DED56 /* LoadingButton.swift */; };
		76069E5F24C525FD009DED56 /* PopupView.swift in Sources */ = {isa = PBXBuildFile; fileRef = 76069E5E24C525FD009DED56 /* PopupView.swift */; };
		76069E6224C52616009DED56 /* RoundedRadius.swift in Sources */ = {isa = PBXBuildFile; fileRef = 76069E6124C52616009DED56 /* RoundedRadius.swift */; };
		76069E6524C5D5A3009DED56 /* Reachability.swift in Sources */ = {isa = PBXBuildFile; fileRef = 76069E6424C5D5A3009DED56 /* Reachability.swift */; };
		7611A13F24F1DAB50012BE56 /* SimulatorModel.swift in Sources */ = {isa = PBXBuildFile; fileRef = 7611A13E24F1DAB40012BE56 /* SimulatorModel.swift */; };
		7611A14224F1DADD0012BE56 /* INVSSimulatedValueModel.swift in Sources */ = {isa = PBXBuildFile; fileRef = 7611A14124F1DADD0012BE56 /* INVSSimulatedValueModel.swift */; };
		7611A21A24F495D30012BE56 /* LineChartBridge.swift in Sources */ = {isa = PBXBuildFile; fileRef = 7611A21924F495D30012BE56 /* LineChartBridge.swift */; };
		7611A21E24F4969E0012BE56 /* BalloonMarker.swift in Sources */ = {isa = PBXBuildFile; fileRef = 7611A21D24F4969D0012BE56 /* BalloonMarker.swift */; };
		7611A22524F5EDFD0012BE56 /* ChartDataBaseBridge.swift in Sources */ = {isa = PBXBuildFile; fileRef = 7611A22424F5EDFD0012BE56 /* ChartDataBaseBridge.swift */; };
		7611A22824F5EE210012BE56 /* ChartInterativeDataBridge.swift in Sources */ = {isa = PBXBuildFile; fileRef = 7611A22724F5EE210012BE56 /* ChartInterativeDataBridge.swift */; };
		7611A22B24F5EE5F0012BE56 /* ChartInformationDataBridge.swift in Sources */ = {isa = PBXBuildFile; fileRef = 7611A22A24F5EE5F0012BE56 /* ChartInformationDataBridge.swift */; };
		7611A22F24F5EEBA0012BE56 /* LineChartDataSetBaseBridge.swift in Sources */ = {isa = PBXBuildFile; fileRef = 7611A22E24F5EEBA0012BE56 /* LineChartDataSetBaseBridge.swift */; };
		7611A23E24F888BE0012BE56 /* AnimatedText.swift in Sources */ = {isa = PBXBuildFile; fileRef = 7611A23D24F888BE0012BE56 /* AnimatedText.swift */; };
		7611A24224F894100012BE56 /* SimulationCreationView.swift in Sources */ = {isa = PBXBuildFile; fileRef = 7611A24124F894100012BE56 /* SimulationCreationView.swift */; };
		7611A24524F8941D0012BE56 /* SimulationCreationViewType.swift in Sources */ = {isa = PBXBuildFile; fileRef = 7611A24424F8941D0012BE56 /* SimulationCreationViewType.swift */; };
		7611A24B24F897300012BE56 /* SimulationCreationStepViewModel.swift in Sources */ = {isa = PBXBuildFile; fileRef = 7611A24A24F897300012BE56 /* SimulationCreationStepViewModel.swift */; };
		7611A24E24F89B130012BE56 /* DoubleButtons.swift in Sources */ = {isa = PBXBuildFile; fileRef = 7611A24D24F89B130012BE56 /* DoubleButtons.swift */; };
		7623BA37250D859700A3091E /* DeleteSimulationModel.swift in Sources */ = {isa = PBXBuildFile; fileRef = 7623BA36250D859700A3091E /* DeleteSimulationModel.swift */; };
		7623BA3A250F096C00A3091E /* UserRequest.swift in Sources */ = {isa = PBXBuildFile; fileRef = 7623BA39250F096C00A3091E /* UserRequest.swift */; };
		762C72D52522CB9000A67110 /* TalkWithUsViewModel.swift in Sources */ = {isa = PBXBuildFile; fileRef = 762C72D42522CB9000A67110 /* TalkWithUsViewModel.swift */; };
		762C72DD2522D0B300A67110 /* Start.swift in Sources */ = {isa = PBXBuildFile; fileRef = 762C72DC2522D0B300A67110 /* Start.swift */; };
		762C72E72522D18800A67110 /* NPSView.swift in Sources */ = {isa = PBXBuildFile; fileRef = 762C72E62522D18800A67110 /* NPSView.swift */; };
		76348723252396D40037513E /* MailView.swift in Sources */ = {isa = PBXBuildFile; fileRef = 76348722252396D40037513E /* MailView.swift */; };
		763489F62523A51E0037513E /* TalkWithUsRepository.swift in Sources */ = {isa = PBXBuildFile; fileRef = 763489F52523A51E0037513E /* TalkWithUsRepository.swift */; };
		763489FB2523A52A0037513E /* TalkWithUsService.swift in Sources */ = {isa = PBXBuildFile; fileRef = 763489FA2523A52A0037513E /* TalkWithUsService.swift */; };
		76348A352524074D0037513E /* String+INVSExtension.swift in Sources */ = {isa = PBXBuildFile; fileRef = 76348A342524074D0037513E /* String+INVSExtension.swift */; };
		76348A3C252408150037513E /* NSAttributedString+INVSExtension.swift in Sources */ = {isa = PBXBuildFile; fileRef = 76348A3B252408150037513E /* NSAttributedString+INVSExtension.swift */; };
		76348A41252408660037513E /* UIFont+INVSExtension.swift in Sources */ = {isa = PBXBuildFile; fileRef = 76348A40252408660037513E /* UIFont+INVSExtension.swift */; };
		76348ABB252417740037513E /* GoogleServiceInfoDev.plist in Resources */ = {isa = PBXBuildFile; fileRef = 4AFF3EE822BBFF470056A167 /* GoogleServiceInfoDev.plist */; };
		76348D5A2524EA8E0037513E /* SchemeView.swift in Sources */ = {isa = PBXBuildFile; fileRef = 76348D592524EA8E0037513E /* SchemeView.swift */; };
		76348D62252620E70037513E /* ChartMarkerView.swift in Sources */ = {isa = PBXBuildFile; fileRef = 76348D61252620E70037513E /* ChartMarkerView.swift */; };
		76541F142520324100DDD1C3 /* AppSettings.swift in Sources */ = {isa = PBXBuildFile; fileRef = 76541F132520324100DDD1C3 /* AppSettings.swift */; };
		76541F202520375100DDD1C3 /* DialogView.swift in Sources */ = {isa = PBXBuildFile; fileRef = 76541F1F2520375100DDD1C3 /* DialogView.swift */; };
		7655A2C725070CBC004B3E0D /* SimulationCreationViewModel.swift in Sources */ = {isa = PBXBuildFile; fileRef = 7655A2C625070CBC004B3E0D /* SimulationCreationViewModel.swift */; };
		7655A2CA25071297004B3E0D /* CreateSimulationSegments.swift in Sources */ = {isa = PBXBuildFile; fileRef = 7655A2C925071297004B3E0D /* CreateSimulationSegments.swift */; };
		7655A2CD250712C3004B3E0D /* StepModel.swift in Sources */ = {isa = PBXBuildFile; fileRef = 7655A2CC250712C3004B3E0D /* StepModel.swift */; };
		7655A2D02507FA7B004B3E0D /* SimulationCreationView+StepView.swift in Sources */ = {isa = PBXBuildFile; fileRef = 7655A2CF2507FA7A004B3E0D /* SimulationCreationView+StepView.swift */; };
		766FEF16251B9A88000377C6 /* SUILottieView.swift in Sources */ = {isa = PBXBuildFile; fileRef = 766FEF15251B9A88000377C6 /* SUILottieView.swift */; };
		766FEF1C251B9EFB000377C6 /* StartView.swift in Sources */ = {isa = PBXBuildFile; fileRef = 766FEF1B251B9EFB000377C6 /* StartView.swift */; };
		766FEF25251BAE48000377C6 /* animatedLogoDark.json in Resources */ = {isa = PBXBuildFile; fileRef = 766FEF24251BAE48000377C6 /* animatedLogoDark.json */; };
		766FEF2C251BC8D3000377C6 /* StartViewModel.swift in Sources */ = {isa = PBXBuildFile; fileRef = 766FEF2B251BC8D3000377C6 /* StartViewModel.swift */; };
		766FEF31251C26DE000377C6 /* StartService.swift in Sources */ = {isa = PBXBuildFile; fileRef = 766FEF30251C26DE000377C6 /* StartService.swift */; };
		767DD86124C3AC14006FDC1A /* Loadable.swift in Sources */ = {isa = PBXBuildFile; fileRef = 767DD85D24C3AC14006FDC1A /* Loadable.swift */; };
		767DD86324C3AC14006FDC1A /* NetworkingHelpers.swift in Sources */ = {isa = PBXBuildFile; fileRef = 767DD85E24C3AC14006FDC1A /* NetworkingHelpers.swift */; };
		767DD86524C3AC14006FDC1A /* WebRepository.swift in Sources */ = {isa = PBXBuildFile; fileRef = 767DD85F24C3AC14006FDC1A /* WebRepository.swift */; };
		767DD86724C3AC14006FDC1A /* APICall.swift in Sources */ = {isa = PBXBuildFile; fileRef = 767DD86024C3AC14006FDC1A /* APICall.swift */; };
		767DD86A24C3AC37006FDC1A /* CancelBag.swift in Sources */ = {isa = PBXBuildFile; fileRef = 767DD86924C3AC37006FDC1A /* CancelBag.swift */; };
		767DD86E24C3AE7B006FDC1A /* LoginRepository.swift in Sources */ = {isa = PBXBuildFile; fileRef = 767DD86D24C3AE7B006FDC1A /* LoginRepository.swift */; };
		767DD87124C3C384006FDC1A /* LoginService.swift in Sources */ = {isa = PBXBuildFile; fileRef = 767DD87024C3C384006FDC1A /* LoginService.swift */; };
		767DD87424C3C800006FDC1A /* Store.swift in Sources */ = {isa = PBXBuildFile; fileRef = 767DD87324C3C800006FDC1A /* Store.swift */; };
		76843B8A24FD2C780048F6B3 /* JewSegmentedControl.swift in Sources */ = {isa = PBXBuildFile; fileRef = 76843B8924FD2C780048F6B3 /* JewSegmentedControl.swift */; };
		768B341024FAF7E600D80BDE /* SplitView.swift in Sources */ = {isa = PBXBuildFile; fileRef = 768B340F24FAF7E600D80BDE /* SplitView.swift */; };
		768B341424FAFCDB00D80BDE /* StepperView in Frameworks */ = {isa = PBXBuildFile; productRef = 768B341324FAFCDB00D80BDE /* StepperView */; };
		768B341924FB513500D80BDE /* Step.swift in Sources */ = {isa = PBXBuildFile; fileRef = 768B341824FB513500D80BDE /* Step.swift */; };
		768D8BE324C208BF004BEADA /* SceneDelegate.swift in Sources */ = {isa = PBXBuildFile; fileRef = 768D8BE224C208BF004BEADA /* SceneDelegate.swift */; };
		768D8BE724C22B35004BEADA /* SFSymbols.swift in Sources */ = {isa = PBXBuildFile; fileRef = 768D8BE524C22B35004BEADA /* SFSymbols.swift */; };
		768D8BE924C22B35004BEADA /* SFSymbols+Extensions.swift in Sources */ = {isa = PBXBuildFile; fileRef = 768D8BE624C22B35004BEADA /* SFSymbols+Extensions.swift */; };
		768D8BF024C24490004BEADA /* LoginView.swift in Sources */ = {isa = PBXBuildFile; fileRef = 768D8BEF24C24490004BEADA /* LoginView.swift */; };
		768D8BF624C34023004BEADA /* KeyboardObserver.swift in Sources */ = {isa = PBXBuildFile; fileRef = 768D8BF524C34023004BEADA /* KeyboardObserver.swift */; };
		768D8BF924C34CB4004BEADA /* FloatingTextField.swift in Sources */ = {isa = PBXBuildFile; fileRef = 768D8BF824C34CB4004BEADA /* FloatingTextField.swift */; };
		768D8BFE24C39370004BEADA /* Text+Extensions.swift in Sources */ = {isa = PBXBuildFile; fileRef = 768D8BFD24C39370004BEADA /* Text+Extensions.swift */; };
		768D8C0124C393A4004BEADA /* LoginComponentsView.swift in Sources */ = {isa = PBXBuildFile; fileRef = 768D8C0024C393A4004BEADA /* LoginComponentsView.swift */; };
		768D8C0424C3A2F8004BEADA /* LoginViewModel.swift in Sources */ = {isa = PBXBuildFile; fileRef = 768D8C0324C3A2F8004BEADA /* LoginViewModel.swift */; };
		7698A68224E1A93D00A93964 /* AccessRepository.swift in Sources */ = {isa = PBXBuildFile; fileRef = 7698A68124E1A93D00A93964 /* AccessRepository.swift */; };
		7698A68524E1B06900A93964 /* HTTPEntities.swift in Sources */ = {isa = PBXBuildFile; fileRef = 7698A68424E1B06900A93964 /* HTTPEntities.swift */; };
		7698A68D24E347C500A93964 /* SUIJEWLoadingView.swift in Sources */ = {isa = PBXBuildFile; fileRef = 7698A68A24E347C400A93964 /* SUIJEWLoadingView.swift */; };
		7698A68F24E347C500A93964 /* SUIJewGenericView.swift in Sources */ = {isa = PBXBuildFile; fileRef = 7698A68C24E347C400A93964 /* SUIJewGenericView.swift */; };
		76B2602624C5EBB7003BF4B4 /* BlurView.swift in Sources */ = {isa = PBXBuildFile; fileRef = 76B2602524C5EBB7003BF4B4 /* BlurView.swift */; };
		76C15C6824C7A7F800045D9A /* RegisterView.swift in Sources */ = {isa = PBXBuildFile; fileRef = 76C15C6724C7A7F800045D9A /* RegisterView.swift */; };
		76C15C7324C7A80500045D9A /* ResendPasswordService.swift in Sources */ = {isa = PBXBuildFile; fileRef = 76C15C6D24C7A80500045D9A /* ResendPasswordService.swift */; };
		76C15C7524C7A80500045D9A /* ResendPasswordViewModel.swift in Sources */ = {isa = PBXBuildFile; fileRef = 76C15C6E24C7A80500045D9A /* ResendPasswordViewModel.swift */; };
		76C15C7724C7A80500045D9A /* ResendPasswordView.swift in Sources */ = {isa = PBXBuildFile; fileRef = 76C15C7024C7A80500045D9A /* ResendPasswordView.swift */; };
		76C15C7C24C91B6800045D9A /* SimulationsView.swift in Sources */ = {isa = PBXBuildFile; fileRef = 76C15C7B24C91B6800045D9A /* SimulationsView.swift */; };
		76C15C9924CCEAE500045D9A /* SimulationsRepository.swift in Sources */ = {isa = PBXBuildFile; fileRef = 76C15C9624CCEAE400045D9A /* SimulationsRepository.swift */; };
		76C15C9B24CCEAE500045D9A /* SimulationsService.swift in Sources */ = {isa = PBXBuildFile; fileRef = 76C15C9724CCEAE400045D9A /* SimulationsService.swift */; };
		76C15C9D24CCEAE500045D9A /* SimulationsViewModel.swift in Sources */ = {isa = PBXBuildFile; fileRef = 76C15C9824CCEAE500045D9A /* SimulationsViewModel.swift */; };
		76C15CA024CE011800045D9A /* RefreshRepository.swift in Sources */ = {isa = PBXBuildFile; fileRef = 76C15C9F24CE011800045D9A /* RefreshRepository.swift */; };
		76CAEE5624E8EC2D0044508E /* Introspect in Frameworks */ = {isa = PBXBuildFile; productRef = 76CAEE5524E8EC2D0044508E /* Introspect */; };
		76CAEE5824E9B7D80044508E /* AppInitialization.swift in Sources */ = {isa = PBXBuildFile; fileRef = 76CAEE5724E9B7D80044508E /* AppInitialization.swift */; };
		76CAEE5B24E9BD250044508E /* SimulationCell.swift in Sources */ = {isa = PBXBuildFile; fileRef = 76CAEE5A24E9BD250044508E /* SimulationCell.swift */; };
		76CAEE6824E9C8460044508E /* AppRouterView.swift in Sources */ = {isa = PBXBuildFile; fileRef = 76CAEE6724E9C8460044508E /* AppRouterView.swift */; };
		76CAEE6C24E9D7880044508E /* TalkWithUsView.swift in Sources */ = {isa = PBXBuildFile; fileRef = 76CAEE6B24E9D7880044508E /* TalkWithUsView.swift */; };
		76D017C824C6681B0092F1A6 /* RegisterRepository.swift in Sources */ = {isa = PBXBuildFile; fileRef = 76D017C724C6681B0092F1A6 /* RegisterRepository.swift */; };
		76D017CB24C6682D0092F1A6 /* RegisterService.swift in Sources */ = {isa = PBXBuildFile; fileRef = 76D017CA24C6682D0092F1A6 /* RegisterService.swift */; };
		76D017CE24C66C4A0092F1A6 /* RegisterViewModel.swift in Sources */ = {isa = PBXBuildFile; fileRef = 76D017CD24C66C4A0092F1A6 /* RegisterViewModel.swift */; };
		76D017D224C67F830092F1A6 /* EnvironmentOverrides in Frameworks */ = {isa = PBXBuildFile; productRef = 76D017D124C67F830092F1A6 /* EnvironmentOverrides */; };
		76E458A724E9FDE300CFACC4 /* SimulationDetailView.swift in Sources */ = {isa = PBXBuildFile; fileRef = 76E458A624E9FDE300CFACC4 /* SimulationDetailView.swift */; };
		76E458AC24EA02B500CFACC4 /* SimulationDetailViewModel.swift in Sources */ = {isa = PBXBuildFile; fileRef = 76E458AB24EA02B500CFACC4 /* SimulationDetailViewModel.swift */; };
		76E45B3124ECB54200CFACC4 /* SimulationDetailRepository.swift in Sources */ = {isa = PBXBuildFile; fileRef = 76E45B2F24ECB54200CFACC4 /* SimulationDetailRepository.swift */; };
		76E45B3324ECB54200CFACC4 /* SimulationDetailService.swift in Sources */ = {isa = PBXBuildFile; fileRef = 76E45B3024ECB54200CFACC4 /* SimulationDetailService.swift */; };
		76E45B3924EF63A300CFACC4 /* NavigationStack in Frameworks */ = {isa = PBXBuildFile; productRef = 76E45B3824EF63A300CFACC4 /* NavigationStack */; };
		B8729DDDA4477CDE936382D1 /* (null) in Frameworks */ = {isa = PBXBuildFile; };
		DF8D069B37894F62C4DEAAD0 /* Pods_InvestScopio.framework in Frameworks */ = {isa = PBXBuildFile; fileRef = E96C823BD39D66B3F18F93B9 /* Pods_InvestScopio.framework */; };
/* End PBXBuildFile section */

/* Begin PBXFileReference section */
		4A0FFEA422B438B000D6A33A /* FirebaseErrorHandler.swift */ = {isa = PBXFileReference; lastKnownFileType = sourcecode.swift; path = FirebaseErrorHandler.swift; sourceTree = "<group>"; };
		4A27022222CD409C005DA22A /* NPSModel.swift */ = {isa = PBXFileReference; fileEncoding = 4; lastKnownFileType = sourcecode.swift; path = NPSModel.swift; sourceTree = "<group>"; };
		4A4C68562295784900EDC8C6 /* InvestScopio.app */ = {isa = PBXFileReference; explicitFileType = wrapper.application; includeInIndex = 0; path = InvestScopio.app; sourceTree = BUILT_PRODUCTS_DIR; };
		4A4C68872295796100EDC8C6 /* Images.xcassets */ = {isa = PBXFileReference; lastKnownFileType = folder.assetcatalog; path = Images.xcassets; sourceTree = "<group>"; };
		4A4C688D2295796100EDC8C6 /* AppConstants.swift */ = {isa = PBXFileReference; fileEncoding = 4; lastKnownFileType = sourcecode.swift; path = AppConstants.swift; sourceTree = "<group>"; };
		4A4C68AA2295796100EDC8C6 /* Base */ = {isa = PBXFileReference; lastKnownFileType = file.xib; name = Base; path = Base.lproj/LaunchScreen.xib; sourceTree = "<group>"; };
		4A4C68AC2295796100EDC8C6 /* AppDelegate.swift */ = {isa = PBXFileReference; fileEncoding = 4; lastKnownFileType = sourcecode.swift; path = AppDelegate.swift; sourceTree = "<group>"; };
		4A4C68AD2295796100EDC8C6 /* InvestScopio-Info.plist */ = {isa = PBXFileReference; fileEncoding = 4; lastKnownFileType = text.plist.xml; path = "InvestScopio-Info.plist"; sourceTree = "<group>"; };
		4A8E0E6722CD3F6400897D38 /* animatedLoadingPurple.json */ = {isa = PBXFileReference; fileEncoding = 4; lastKnownFileType = text.json; path = animatedLoadingPurple.json; sourceTree = "<group>"; };
		4A8E0E6822CD3F6400897D38 /* star.json */ = {isa = PBXFileReference; fileEncoding = 4; lastKnownFileType = text.json; path = star.json; sourceTree = "<group>"; };
		4A8E0E6922CD3F6400897D38 /* animatedLoadingWhite.json */ = {isa = PBXFileReference; fileEncoding = 4; lastKnownFileType = text.json; path = animatedLoadingWhite.json; sourceTree = "<group>"; };
		4A8E0E6A22CD3F6400897D38 /* refreshAnimationPurple.json */ = {isa = PBXFileReference; fileEncoding = 4; lastKnownFileType = text.json; path = refreshAnimationPurple.json; sourceTree = "<group>"; };
		4A8E0E6B22CD3F6400897D38 /* animatedLogo.json */ = {isa = PBXFileReference; fileEncoding = 4; lastKnownFileType = text.json; path = animatedLogo.json; sourceTree = "<group>"; };
		4A8E0E6C22CD3F6500897D38 /* animatedLogoWhite.json */ = {isa = PBXFileReference; fileEncoding = 4; lastKnownFileType = text.json; path = animatedLogoWhite.json; sourceTree = "<group>"; };
		4A8E0E6D22CD3F6500897D38 /* closePlusAnimation.json */ = {isa = PBXFileReference; fileEncoding = 4; lastKnownFileType = text.json; path = closePlusAnimation.json; sourceTree = "<group>"; };
		4AFF3E5F22B9B32E0056A167 /* LocalCrypto.swift */ = {isa = PBXFileReference; lastKnownFileType = sourcecode.swift; path = LocalCrypto.swift; sourceTree = "<group>"; };
		4AFF3E6D22BB207E0056A167 /* GoogleServiceInfoProd.plist */ = {isa = PBXFileReference; fileEncoding = 4; lastKnownFileType = text.plist.xml; path = GoogleServiceInfoProd.plist; sourceTree = "<group>"; };
		4AFF3EE822BBFF470056A167 /* GoogleServiceInfoDev.plist */ = {isa = PBXFileReference; fileEncoding = 4; lastKnownFileType = text.plist.xml; path = GoogleServiceInfoDev.plist; sourceTree = "<group>"; };
		4AFF3F0322BF12120056A167 /* ConnectorRoutes.swift */ = {isa = PBXFileReference; lastKnownFileType = sourcecode.swift; path = ConnectorRoutes.swift; sourceTree = "<group>"; };
		76069E5824C3EED6009DED56 /* LoadingView.swift */ = {isa = PBXFileReference; lastKnownFileType = sourcecode.swift; path = LoadingView.swift; sourceTree = "<group>"; };
		76069E5B24C4DA96009DED56 /* LoadingButton.swift */ = {isa = PBXFileReference; lastKnownFileType = sourcecode.swift; path = LoadingButton.swift; sourceTree = "<group>"; };
		76069E5E24C525FD009DED56 /* PopupView.swift */ = {isa = PBXFileReference; lastKnownFileType = sourcecode.swift; path = PopupView.swift; sourceTree = "<group>"; };
		76069E6124C52616009DED56 /* RoundedRadius.swift */ = {isa = PBXFileReference; lastKnownFileType = sourcecode.swift; path = RoundedRadius.swift; sourceTree = "<group>"; };
		76069E6424C5D5A3009DED56 /* Reachability.swift */ = {isa = PBXFileReference; lastKnownFileType = sourcecode.swift; path = Reachability.swift; sourceTree = "<group>"; };
		7611A13E24F1DAB40012BE56 /* SimulatorModel.swift */ = {isa = PBXFileReference; fileEncoding = 4; lastKnownFileType = sourcecode.swift; path = SimulatorModel.swift; sourceTree = "<group>"; };
		7611A14124F1DADD0012BE56 /* INVSSimulatedValueModel.swift */ = {isa = PBXFileReference; fileEncoding = 4; lastKnownFileType = sourcecode.swift; path = INVSSimulatedValueModel.swift; sourceTree = "<group>"; };
		7611A21924F495D30012BE56 /* LineChartBridge.swift */ = {isa = PBXFileReference; lastKnownFileType = sourcecode.swift; path = LineChartBridge.swift; sourceTree = "<group>"; };
		7611A21D24F4969D0012BE56 /* BalloonMarker.swift */ = {isa = PBXFileReference; fileEncoding = 4; lastKnownFileType = sourcecode.swift; path = BalloonMarker.swift; sourceTree = "<group>"; };
		7611A22424F5EDFD0012BE56 /* ChartDataBaseBridge.swift */ = {isa = PBXFileReference; lastKnownFileType = sourcecode.swift; path = ChartDataBaseBridge.swift; sourceTree = "<group>"; };
		7611A22724F5EE210012BE56 /* ChartInterativeDataBridge.swift */ = {isa = PBXFileReference; lastKnownFileType = sourcecode.swift; path = ChartInterativeDataBridge.swift; sourceTree = "<group>"; };
		7611A22A24F5EE5F0012BE56 /* ChartInformationDataBridge.swift */ = {isa = PBXFileReference; lastKnownFileType = sourcecode.swift; path = ChartInformationDataBridge.swift; sourceTree = "<group>"; };
		7611A22E24F5EEBA0012BE56 /* LineChartDataSetBaseBridge.swift */ = {isa = PBXFileReference; lastKnownFileType = sourcecode.swift; path = LineChartDataSetBaseBridge.swift; sourceTree = "<group>"; };
		7611A23D24F888BE0012BE56 /* AnimatedText.swift */ = {isa = PBXFileReference; lastKnownFileType = sourcecode.swift; path = AnimatedText.swift; sourceTree = "<group>"; };
		7611A24124F894100012BE56 /* SimulationCreationView.swift */ = {isa = PBXFileReference; lastKnownFileType = sourcecode.swift; path = SimulationCreationView.swift; sourceTree = "<group>"; };
		7611A24424F8941D0012BE56 /* SimulationCreationViewType.swift */ = {isa = PBXFileReference; fileEncoding = 4; lastKnownFileType = sourcecode.swift; path = SimulationCreationViewType.swift; sourceTree = "<group>"; };
		7611A24A24F897300012BE56 /* SimulationCreationStepViewModel.swift */ = {isa = PBXFileReference; lastKnownFileType = sourcecode.swift; path = SimulationCreationStepViewModel.swift; sourceTree = "<group>"; };
		7611A24D24F89B130012BE56 /* DoubleButtons.swift */ = {isa = PBXFileReference; lastKnownFileType = sourcecode.swift; path = DoubleButtons.swift; sourceTree = "<group>"; };
		7623BA36250D859700A3091E /* DeleteSimulationModel.swift */ = {isa = PBXFileReference; lastKnownFileType = sourcecode.swift; path = DeleteSimulationModel.swift; sourceTree = "<group>"; };
		7623BA39250F096C00A3091E /* UserRequest.swift */ = {isa = PBXFileReference; fileEncoding = 4; lastKnownFileType = sourcecode.swift; path = UserRequest.swift; sourceTree = "<group>"; };
		762C72D42522CB9000A67110 /* TalkWithUsViewModel.swift */ = {isa = PBXFileReference; lastKnownFileType = sourcecode.swift; path = TalkWithUsViewModel.swift; sourceTree = "<group>"; };
		762C72DC2522D0B300A67110 /* Start.swift */ = {isa = PBXFileReference; lastKnownFileType = sourcecode.swift; path = Start.swift; sourceTree = "<group>"; };
		762C72E62522D18800A67110 /* NPSView.swift */ = {isa = PBXFileReference; lastKnownFileType = sourcecode.swift; path = NPSView.swift; sourceTree = "<group>"; };
		76348722252396D40037513E /* MailView.swift */ = {isa = PBXFileReference; lastKnownFileType = sourcecode.swift; path = MailView.swift; sourceTree = "<group>"; };
		763489F52523A51E0037513E /* TalkWithUsRepository.swift */ = {isa = PBXFileReference; lastKnownFileType = sourcecode.swift; path = TalkWithUsRepository.swift; sourceTree = "<group>"; };
		763489FA2523A52A0037513E /* TalkWithUsService.swift */ = {isa = PBXFileReference; lastKnownFileType = sourcecode.swift; path = TalkWithUsService.swift; sourceTree = "<group>"; };
		76348A342524074D0037513E /* String+INVSExtension.swift */ = {isa = PBXFileReference; fileEncoding = 4; lastKnownFileType = sourcecode.swift; path = "String+INVSExtension.swift"; sourceTree = "<group>"; };
		76348A3B252408150037513E /* NSAttributedString+INVSExtension.swift */ = {isa = PBXFileReference; fileEncoding = 4; lastKnownFileType = sourcecode.swift; path = "NSAttributedString+INVSExtension.swift"; sourceTree = "<group>"; };
		76348A40252408660037513E /* UIFont+INVSExtension.swift */ = {isa = PBXFileReference; fileEncoding = 4; lastKnownFileType = sourcecode.swift; path = "UIFont+INVSExtension.swift"; sourceTree = "<group>"; };
		76348AB1252415690037513E /* Debug.xcconfig */ = {isa = PBXFileReference; lastKnownFileType = text.xcconfig; path = Debug.xcconfig; sourceTree = "<group>"; };
		76348B552524267B0037513E /* Release.xcconfig */ = {isa = PBXFileReference; fileEncoding = 4; lastKnownFileType = text.xcconfig; path = Release.xcconfig; sourceTree = "<group>"; };
		76348D592524EA8E0037513E /* SchemeView.swift */ = {isa = PBXFileReference; lastKnownFileType = sourcecode.swift; path = SchemeView.swift; sourceTree = "<group>"; };
		76348D61252620E70037513E /* ChartMarkerView.swift */ = {isa = PBXFileReference; lastKnownFileType = sourcecode.swift; path = ChartMarkerView.swift; sourceTree = "<group>"; };
		76541F132520324100DDD1C3 /* AppSettings.swift */ = {isa = PBXFileReference; lastKnownFileType = sourcecode.swift; path = AppSettings.swift; sourceTree = "<group>"; };
		76541F1F2520375100DDD1C3 /* DialogView.swift */ = {isa = PBXFileReference; lastKnownFileType = sourcecode.swift; path = DialogView.swift; sourceTree = "<group>"; };
		7655A2C625070CBC004B3E0D /* SimulationCreationViewModel.swift */ = {isa = PBXFileReference; lastKnownFileType = sourcecode.swift; path = SimulationCreationViewModel.swift; sourceTree = "<group>"; };
		7655A2C925071297004B3E0D /* CreateSimulationSegments.swift */ = {isa = PBXFileReference; lastKnownFileType = sourcecode.swift; path = CreateSimulationSegments.swift; sourceTree = "<group>"; };
		7655A2CC250712C3004B3E0D /* StepModel.swift */ = {isa = PBXFileReference; lastKnownFileType = sourcecode.swift; path = StepModel.swift; sourceTree = "<group>"; };
		7655A2CF2507FA7A004B3E0D /* SimulationCreationView+StepView.swift */ = {isa = PBXFileReference; lastKnownFileType = sourcecode.swift; path = "SimulationCreationView+StepView.swift"; sourceTree = "<group>"; };
		766FEF15251B9A88000377C6 /* SUILottieView.swift */ = {isa = PBXFileReference; fileEncoding = 4; lastKnownFileType = sourcecode.swift; path = SUILottieView.swift; sourceTree = "<group>"; };
		766FEF1B251B9EFB000377C6 /* StartView.swift */ = {isa = PBXFileReference; lastKnownFileType = sourcecode.swift; path = StartView.swift; sourceTree = "<group>"; };
		766FEF24251BAE48000377C6 /* animatedLogoDark.json */ = {isa = PBXFileReference; fileEncoding = 4; lastKnownFileType = text.json; path = animatedLogoDark.json; sourceTree = "<group>"; };
		766FEF2B251BC8D3000377C6 /* StartViewModel.swift */ = {isa = PBXFileReference; lastKnownFileType = sourcecode.swift; path = StartViewModel.swift; sourceTree = "<group>"; };
		766FEF30251C26DE000377C6 /* StartService.swift */ = {isa = PBXFileReference; lastKnownFileType = sourcecode.swift; path = StartService.swift; sourceTree = "<group>"; };
		767DD85D24C3AC14006FDC1A /* Loadable.swift */ = {isa = PBXFileReference; fileEncoding = 4; lastKnownFileType = sourcecode.swift; path = Loadable.swift; sourceTree = "<group>"; };
		767DD85E24C3AC14006FDC1A /* NetworkingHelpers.swift */ = {isa = PBXFileReference; fileEncoding = 4; lastKnownFileType = sourcecode.swift; path = NetworkingHelpers.swift; sourceTree = "<group>"; };
		767DD85F24C3AC14006FDC1A /* WebRepository.swift */ = {isa = PBXFileReference; fileEncoding = 4; lastKnownFileType = sourcecode.swift; path = WebRepository.swift; sourceTree = "<group>"; };
		767DD86024C3AC14006FDC1A /* APICall.swift */ = {isa = PBXFileReference; fileEncoding = 4; lastKnownFileType = sourcecode.swift; path = APICall.swift; sourceTree = "<group>"; };
		767DD86924C3AC37006FDC1A /* CancelBag.swift */ = {isa = PBXFileReference; fileEncoding = 4; lastKnownFileType = sourcecode.swift; path = CancelBag.swift; sourceTree = "<group>"; };
		767DD86D24C3AE7B006FDC1A /* LoginRepository.swift */ = {isa = PBXFileReference; lastKnownFileType = sourcecode.swift; path = LoginRepository.swift; sourceTree = "<group>"; };
		767DD87024C3C384006FDC1A /* LoginService.swift */ = {isa = PBXFileReference; lastKnownFileType = sourcecode.swift; path = LoginService.swift; sourceTree = "<group>"; };
		767DD87324C3C800006FDC1A /* Store.swift */ = {isa = PBXFileReference; fileEncoding = 4; lastKnownFileType = sourcecode.swift; path = Store.swift; sourceTree = "<group>"; };
		76843B8924FD2C780048F6B3 /* JewSegmentedControl.swift */ = {isa = PBXFileReference; lastKnownFileType = sourcecode.swift; path = JewSegmentedControl.swift; sourceTree = "<group>"; };
		768B340F24FAF7E600D80BDE /* SplitView.swift */ = {isa = PBXFileReference; lastKnownFileType = sourcecode.swift; path = SplitView.swift; sourceTree = "<group>"; };
		768B341824FB513500D80BDE /* Step.swift */ = {isa = PBXFileReference; lastKnownFileType = sourcecode.swift; path = Step.swift; sourceTree = "<group>"; };
		768D8BE224C208BF004BEADA /* SceneDelegate.swift */ = {isa = PBXFileReference; lastKnownFileType = sourcecode.swift; path = SceneDelegate.swift; sourceTree = "<group>"; };
		768D8BE524C22B35004BEADA /* SFSymbols.swift */ = {isa = PBXFileReference; fileEncoding = 4; lastKnownFileType = sourcecode.swift; path = SFSymbols.swift; sourceTree = "<group>"; };
		768D8BE624C22B35004BEADA /* SFSymbols+Extensions.swift */ = {isa = PBXFileReference; fileEncoding = 4; lastKnownFileType = sourcecode.swift; path = "SFSymbols+Extensions.swift"; sourceTree = "<group>"; };
		768D8BEF24C24490004BEADA /* LoginView.swift */ = {isa = PBXFileReference; lastKnownFileType = sourcecode.swift; path = LoginView.swift; sourceTree = "<group>"; };
		768D8BF524C34023004BEADA /* KeyboardObserver.swift */ = {isa = PBXFileReference; lastKnownFileType = sourcecode.swift; path = KeyboardObserver.swift; sourceTree = "<group>"; };
		768D8BF824C34CB4004BEADA /* FloatingTextField.swift */ = {isa = PBXFileReference; lastKnownFileType = sourcecode.swift; path = FloatingTextField.swift; sourceTree = "<group>"; };
		768D8BFD24C39370004BEADA /* Text+Extensions.swift */ = {isa = PBXFileReference; lastKnownFileType = sourcecode.swift; path = "Text+Extensions.swift"; sourceTree = "<group>"; };
		768D8C0024C393A4004BEADA /* LoginComponentsView.swift */ = {isa = PBXFileReference; lastKnownFileType = sourcecode.swift; path = LoginComponentsView.swift; sourceTree = "<group>"; };
		768D8C0324C3A2F8004BEADA /* LoginViewModel.swift */ = {isa = PBXFileReference; lastKnownFileType = sourcecode.swift; path = LoginViewModel.swift; sourceTree = "<group>"; };
		7698A68124E1A93D00A93964 /* AccessRepository.swift */ = {isa = PBXFileReference; lastKnownFileType = sourcecode.swift; path = AccessRepository.swift; sourceTree = "<group>"; };
		7698A68424E1B06900A93964 /* HTTPEntities.swift */ = {isa = PBXFileReference; lastKnownFileType = sourcecode.swift; path = HTTPEntities.swift; sourceTree = "<group>"; };
		7698A68A24E347C400A93964 /* SUIJEWLoadingView.swift */ = {isa = PBXFileReference; fileEncoding = 4; lastKnownFileType = sourcecode.swift; path = SUIJEWLoadingView.swift; sourceTree = "<group>"; };
		7698A68C24E347C400A93964 /* SUIJewGenericView.swift */ = {isa = PBXFileReference; fileEncoding = 4; lastKnownFileType = sourcecode.swift; path = SUIJewGenericView.swift; sourceTree = "<group>"; };
		76B2602524C5EBB7003BF4B4 /* BlurView.swift */ = {isa = PBXFileReference; lastKnownFileType = sourcecode.swift; path = BlurView.swift; sourceTree = "<group>"; };
		76C15C6724C7A7F800045D9A /* RegisterView.swift */ = {isa = PBXFileReference; fileEncoding = 4; lastKnownFileType = sourcecode.swift; path = RegisterView.swift; sourceTree = "<group>"; };
		76C15C6D24C7A80500045D9A /* ResendPasswordService.swift */ = {isa = PBXFileReference; fileEncoding = 4; lastKnownFileType = sourcecode.swift; path = ResendPasswordService.swift; sourceTree = "<group>"; };
		76C15C6E24C7A80500045D9A /* ResendPasswordViewModel.swift */ = {isa = PBXFileReference; fileEncoding = 4; lastKnownFileType = sourcecode.swift; path = ResendPasswordViewModel.swift; sourceTree = "<group>"; };
		76C15C7024C7A80500045D9A /* ResendPasswordView.swift */ = {isa = PBXFileReference; fileEncoding = 4; lastKnownFileType = sourcecode.swift; path = ResendPasswordView.swift; sourceTree = "<group>"; };
		76C15C7B24C91B6800045D9A /* SimulationsView.swift */ = {isa = PBXFileReference; lastKnownFileType = sourcecode.swift; path = SimulationsView.swift; sourceTree = "<group>"; };
		76C15C9624CCEAE400045D9A /* SimulationsRepository.swift */ = {isa = PBXFileReference; fileEncoding = 4; lastKnownFileType = sourcecode.swift; path = SimulationsRepository.swift; sourceTree = "<group>"; };
		76C15C9724CCEAE400045D9A /* SimulationsService.swift */ = {isa = PBXFileReference; fileEncoding = 4; lastKnownFileType = sourcecode.swift; path = SimulationsService.swift; sourceTree = "<group>"; };
		76C15C9824CCEAE500045D9A /* SimulationsViewModel.swift */ = {isa = PBXFileReference; fileEncoding = 4; lastKnownFileType = sourcecode.swift; path = SimulationsViewModel.swift; sourceTree = "<group>"; };
		76C15C9F24CE011800045D9A /* RefreshRepository.swift */ = {isa = PBXFileReference; lastKnownFileType = sourcecode.swift; path = RefreshRepository.swift; sourceTree = "<group>"; };
		76CAEE5724E9B7D80044508E /* AppInitialization.swift */ = {isa = PBXFileReference; lastKnownFileType = sourcecode.swift; path = AppInitialization.swift; sourceTree = "<group>"; };
		76CAEE5A24E9BD250044508E /* SimulationCell.swift */ = {isa = PBXFileReference; lastKnownFileType = sourcecode.swift; path = SimulationCell.swift; sourceTree = "<group>"; };
		76CAEE6724E9C8460044508E /* AppRouterView.swift */ = {isa = PBXFileReference; lastKnownFileType = sourcecode.swift; path = AppRouterView.swift; sourceTree = "<group>"; };
		76CAEE6B24E9D7880044508E /* TalkWithUsView.swift */ = {isa = PBXFileReference; lastKnownFileType = sourcecode.swift; path = TalkWithUsView.swift; sourceTree = "<group>"; };
		76D017C724C6681B0092F1A6 /* RegisterRepository.swift */ = {isa = PBXFileReference; lastKnownFileType = sourcecode.swift; path = RegisterRepository.swift; sourceTree = "<group>"; };
		76D017CA24C6682D0092F1A6 /* RegisterService.swift */ = {isa = PBXFileReference; lastKnownFileType = sourcecode.swift; path = RegisterService.swift; sourceTree = "<group>"; };
		76D017CD24C66C4A0092F1A6 /* RegisterViewModel.swift */ = {isa = PBXFileReference; lastKnownFileType = sourcecode.swift; path = RegisterViewModel.swift; sourceTree = "<group>"; };
		76E458A624E9FDE300CFACC4 /* SimulationDetailView.swift */ = {isa = PBXFileReference; lastKnownFileType = sourcecode.swift; path = SimulationDetailView.swift; sourceTree = "<group>"; };
		76E458AB24EA02B500CFACC4 /* SimulationDetailViewModel.swift */ = {isa = PBXFileReference; lastKnownFileType = sourcecode.swift; path = SimulationDetailViewModel.swift; sourceTree = "<group>"; };
		76E45B2F24ECB54200CFACC4 /* SimulationDetailRepository.swift */ = {isa = PBXFileReference; fileEncoding = 4; lastKnownFileType = sourcecode.swift; path = SimulationDetailRepository.swift; sourceTree = "<group>"; };
		76E45B3024ECB54200CFACC4 /* SimulationDetailService.swift */ = {isa = PBXFileReference; fileEncoding = 4; lastKnownFileType = sourcecode.swift; path = SimulationDetailService.swift; sourceTree = "<group>"; };
		96C9F1EA5800CB68A709EF1A /* Pods-InvestScopio.debug.xcconfig */ = {isa = PBXFileReference; includeInIndex = 1; lastKnownFileType = text.xcconfig; name = "Pods-InvestScopio.debug.xcconfig"; path = "Target Support Files/Pods-InvestScopio/Pods-InvestScopio.debug.xcconfig"; sourceTree = "<group>"; };
		DCDDCC66DBBAD541616D7347 /* Pods_InvestScopioDev.framework */ = {isa = PBXFileReference; explicitFileType = wrapper.framework; includeInIndex = 0; path = Pods_InvestScopioDev.framework; sourceTree = BUILT_PRODUCTS_DIR; };
		E51923B72D563C11FC98562D /* Pods-InvestScopio.release.xcconfig */ = {isa = PBXFileReference; includeInIndex = 1; lastKnownFileType = text.xcconfig; name = "Pods-InvestScopio.release.xcconfig"; path = "Target Support Files/Pods-InvestScopio/Pods-InvestScopio.release.xcconfig"; sourceTree = "<group>"; };
		E96C823BD39D66B3F18F93B9 /* Pods_InvestScopio.framework */ = {isa = PBXFileReference; explicitFileType = wrapper.framework; includeInIndex = 0; path = Pods_InvestScopio.framework; sourceTree = BUILT_PRODUCTS_DIR; };
/* End PBXFileReference section */

/* Begin PBXFrameworksBuildPhase section */
		4A4C68532295784900EDC8C6 /* Frameworks */ = {
			isa = PBXFrameworksBuildPhase;
			buildActionMask = 2147483647;
			files = (
				76E45B3924EF63A300CFACC4 /* NavigationStack in Frameworks */,
				76CAEE5624E8EC2D0044508E /* Introspect in Frameworks */,
				B8729DDDA4477CDE936382D1 /* (null) in Frameworks */,
				768B341424FAFCDB00D80BDE /* StepperView in Frameworks */,
				DF8D069B37894F62C4DEAAD0 /* Pods_InvestScopio.framework in Frameworks */,
				76D017D224C67F830092F1A6 /* EnvironmentOverrides in Frameworks */,
			);
			runOnlyForDeploymentPostprocessing = 0;
		};
/* End PBXFrameworksBuildPhase section */

/* Begin PBXGroup section */
		1CDA62E9D43AF48147370A7C /* Frameworks */ = {
			isa = PBXGroup;
			children = (
				DCDDCC66DBBAD541616D7347 /* Pods_InvestScopioDev.framework */,
				E96C823BD39D66B3F18F93B9 /* Pods_InvestScopio.framework */,
			);
			name = Frameworks;
			sourceTree = "<group>";
		};
		4A0FFEA322B4387400D6A33A /* FirebaseErrorHandler */ = {
			isa = PBXGroup;
			children = (
				4A0FFEA422B438B000D6A33A /* FirebaseErrorHandler.swift */,
			);
			path = FirebaseErrorHandler;
			sourceTree = "<group>";
		};
		4A12631522A7DC6B006133E5 /* Routes */ = {
			isa = PBXGroup;
			children = (
				4AFF3F0322BF12120056A167 /* ConnectorRoutes.swift */,
			);
			path = Routes;
			sourceTree = "<group>";
		};
		4A4C684D2295784900EDC8C6 = {
			isa = PBXGroup;
			children = (
				4A4C686B2295796100EDC8C6 /* InvestScopio */,
				4A4C68572295784900EDC8C6 /* Products */,
				F4BF4408D4B1FD25E8984CE5 /* Pods */,
				1CDA62E9D43AF48147370A7C /* Frameworks */,
			);
			sourceTree = "<group>";
		};
		4A4C68572295784900EDC8C6 /* Products */ = {
			isa = PBXGroup;
			children = (
				4A4C68562295784900EDC8C6 /* InvestScopio.app */,
			);
			name = Products;
			sourceTree = "<group>";
		};
		4A4C686B2295796100EDC8C6 /* InvestScopio */ = {
			isa = PBXGroup;
			children = (
				76348D362524D9960037513E /* Supporting Files */,
				76541F122520322800DDD1C3 /* Settings */,
				4A4C68892295796100EDC8C6 /* SharedFeatures */,
				4A12631522A7DC6B006133E5 /* Routes */,
				4A4C686C2295796100EDC8C6 /* Scenes */,
				4A4C68862295796100EDC8C6 /* Assets */,
			);
			path = InvestScopio;
			sourceTree = "<group>";
		};
		4A4C686C2295796100EDC8C6 /* Scenes */ = {
			isa = PBXGroup;
			children = (
				766FEF1A251B9ED6000377C6 /* StartSU */,
				768D8BEB24C2444E004BEADA /* LoginSU */,
				76C15C7924C91B3A00045D9A /* SimulationSU */,
				76CAEE6A24E9D7670044508E /* TalkWithUsSU */,
				76CAEE6724E9C8460044508E /* AppRouterView.swift */,
			);
			path = Scenes;
			sourceTree = "<group>";
		};
		4A4C68862295796100EDC8C6 /* Assets */ = {
			isa = PBXGroup;
			children = (
				766FEF24251BAE48000377C6 /* animatedLogoDark.json */,
				4A8E0E6722CD3F6400897D38 /* animatedLoadingPurple.json */,
				4A8E0E6922CD3F6400897D38 /* animatedLoadingWhite.json */,
				4A8E0E6B22CD3F6400897D38 /* animatedLogo.json */,
				4A8E0E6C22CD3F6500897D38 /* animatedLogoWhite.json */,
				4A8E0E6D22CD3F6500897D38 /* closePlusAnimation.json */,
				4A8E0E6A22CD3F6400897D38 /* refreshAnimationPurple.json */,
				4A8E0E6822CD3F6400897D38 /* star.json */,
				4A4C68872295796100EDC8C6 /* Images.xcassets */,
			);
			path = Assets;
			sourceTree = "<group>";
		};
		4A4C68892295796100EDC8C6 /* SharedFeatures */ = {
			isa = PBXGroup;
			children = (
				76348A40252408660037513E /* UIFont+INVSExtension.swift */,
				76348A3B252408150037513E /* NSAttributedString+INVSExtension.swift */,
				76348A342524074D0037513E /* String+INVSExtension.swift */,
				7611A21C24F4969D0012BE56 /* BallonMarker */,
				768D8BFC24C39357004BEADA /* SwiftUI */,
				768D8BFB24C39336004BEADA /* SFSymbols */,
				4AFF3E5E22B9B3150056A167 /* Cripto */,
				4A0FFEA322B4387400D6A33A /* FirebaseErrorHandler */,
				4A4C688C2295796100EDC8C6 /* Constants */,
			);
			path = SharedFeatures;
			sourceTree = "<group>";
		};
		4A4C688C2295796100EDC8C6 /* Constants */ = {
			isa = PBXGroup;
			children = (
				4A4C688D2295796100EDC8C6 /* AppConstants.swift */,
			);
			path = Constants;
			sourceTree = "<group>";
		};
		4AFF3E5E22B9B3150056A167 /* Cripto */ = {
			isa = PBXGroup;
			children = (
				4AFF3E5F22B9B32E0056A167 /* LocalCrypto.swift */,
			);
			path = Cripto;
			sourceTree = "<group>";
		};
		4AFF3E6C22BB20660056A167 /* FirebaseConfig */ = {
			isa = PBXGroup;
			children = (
				4AFF3EE822BBFF470056A167 /* GoogleServiceInfoDev.plist */,
				4AFF3E6D22BB207E0056A167 /* GoogleServiceInfoProd.plist */,
			);
			path = FirebaseConfig;
			sourceTree = "<group>";
		};
		7611A14424F1DC330012BE56 /* Models */ = {
			isa = PBXGroup;
			children = (
				7611A14124F1DADD0012BE56 /* INVSSimulatedValueModel.swift */,
				7611A13E24F1DAB40012BE56 /* SimulatorModel.swift */,
				7623BA36250D859700A3091E /* DeleteSimulationModel.swift */,
			);
			path = Models;
			sourceTree = "<group>";
		};
		7611A21824F495C30012BE56 /* LineChartBridge */ = {
			isa = PBXGroup;
			children = (
				76348D60252620D60037513E /* Marker */,
				7611A22024F5EDBC0012BE56 /* Entities */,
				7611A21924F495D30012BE56 /* LineChartBridge.swift */,
			);
			path = LineChartBridge;
			sourceTree = "<group>";
		};
		7611A21C24F4969D0012BE56 /* BallonMarker */ = {
			isa = PBXGroup;
			children = (
				7611A21D24F4969D0012BE56 /* BalloonMarker.swift */,
			);
			path = BallonMarker;
			sourceTree = "<group>";
		};
		7611A22024F5EDBC0012BE56 /* Entities */ = {
			isa = PBXGroup;
			children = (
				7611A22324F5EDDE0012BE56 /* Base */,
				7611A22224F5EDD60012BE56 /* Interative */,
				7611A22124F5EDCA0012BE56 /* Information */,
			);
			path = Entities;
			sourceTree = "<group>";
		};
		7611A22124F5EDCA0012BE56 /* Information */ = {
			isa = PBXGroup;
			children = (
				7611A22A24F5EE5F0012BE56 /* ChartInformationDataBridge.swift */,
			);
			path = Information;
			sourceTree = "<group>";
		};
		7611A22224F5EDD60012BE56 /* Interative */ = {
			isa = PBXGroup;
			children = (
				7611A22724F5EE210012BE56 /* ChartInterativeDataBridge.swift */,
			);
			path = Interative;
			sourceTree = "<group>";
		};
		7611A22324F5EDDE0012BE56 /* Base */ = {
			isa = PBXGroup;
			children = (
				7611A22424F5EDFD0012BE56 /* ChartDataBaseBridge.swift */,
				7611A22E24F5EEBA0012BE56 /* LineChartDataSetBaseBridge.swift */,
			);
			path = Base;
			sourceTree = "<group>";
		};
		7611A23C24F888730012BE56 /* AnimatedText */ = {
			isa = PBXGroup;
			children = (
				7611A23D24F888BE0012BE56 /* AnimatedText.swift */,
			);
			path = AnimatedText;
			sourceTree = "<group>";
		};
		7611A24024F893FE0012BE56 /* Creation */ = {
			isa = PBXGroup;
			children = (
				7611A24924F897120012BE56 /* Extra */,
				7611A24824F897040012BE56 /* Core */,
				7611A24724F897020012BE56 /* Views */,
			);
			path = Creation;
			sourceTree = "<group>";
		};
		7611A24724F897020012BE56 /* Views */ = {
			isa = PBXGroup;
			children = (
				7611A24124F894100012BE56 /* SimulationCreationView.swift */,
				7655A2CF2507FA7A004B3E0D /* SimulationCreationView+StepView.swift */,
			);
			path = Views;
			sourceTree = "<group>";
		};
		7611A24824F897040012BE56 /* Core */ = {
			isa = PBXGroup;
			children = (
				7611A24A24F897300012BE56 /* SimulationCreationStepViewModel.swift */,
				7655A2C625070CBC004B3E0D /* SimulationCreationViewModel.swift */,
			);
			path = Core;
			sourceTree = "<group>";
		};
		7611A24924F897120012BE56 /* Extra */ = {
			isa = PBXGroup;
			children = (
				7611A24424F8941D0012BE56 /* SimulationCreationViewType.swift */,
				7655A2C925071297004B3E0D /* CreateSimulationSegments.swift */,
				7655A2CC250712C3004B3E0D /* StepModel.swift */,
			);
			path = Extra;
			sourceTree = "<group>";
		};
		762C72D22522CB7500A67110 /* Core */ = {
			isa = PBXGroup;
			children = (
				762C72D42522CB9000A67110 /* TalkWithUsViewModel.swift */,
				763489F52523A51E0037513E /* TalkWithUsRepository.swift */,
				763489FA2523A52A0037513E /* TalkWithUsService.swift */,
			);
			path = Core;
			sourceTree = "<group>";
		};
		762C72D32522CB7900A67110 /* Views */ = {
			isa = PBXGroup;
			children = (
				76CAEE6B24E9D7880044508E /* TalkWithUsView.swift */,
			);
			path = Views;
			sourceTree = "<group>";
		};
		762C72DB2522D09D00A67110 /* StarShape */ = {
			isa = PBXGroup;
			children = (
				762C72DC2522D0B300A67110 /* Start.swift */,
			);
			path = StarShape;
			sourceTree = "<group>";
		};
		762C72E52522D17700A67110 /* NPSView */ = {
			isa = PBXGroup;
			children = (
				762C72E62522D18800A67110 /* NPSView.swift */,
			);
			path = NPSView;
			sourceTree = "<group>";
		};
		76348721252396C10037513E /* MailView */ = {
			isa = PBXGroup;
			children = (
				76348722252396D40037513E /* MailView.swift */,
			);
			path = MailView;
			sourceTree = "<group>";
		};
		763489A82523A0420037513E /* Extra */ = {
			isa = PBXGroup;
			children = (
				4A27022222CD409C005DA22A /* NPSModel.swift */,
			);
			path = Extra;
			sourceTree = "<group>";
		};
		76348D362524D9960037513E /* Supporting Files */ = {
			isa = PBXGroup;
			children = (
				4A4C68A92295796100EDC8C6 /* LaunchScreen.xib */,
				4A4C68AD2295796100EDC8C6 /* InvestScopio-Info.plist */,
				4A4C68AC2295796100EDC8C6 /* AppDelegate.swift */,
				768D8BE224C208BF004BEADA /* SceneDelegate.swift */,
				4AFF3E6C22BB20660056A167 /* FirebaseConfig */,
			);
			path = "Supporting Files";
			sourceTree = "<group>";
		};
		76348D582524EA820037513E /* SchemeView */ = {
			isa = PBXGroup;
			children = (
				76348D592524EA8E0037513E /* SchemeView.swift */,
			);
			path = SchemeView;
			sourceTree = "<group>";
		};
		76348D60252620D60037513E /* Marker */ = {
			isa = PBXGroup;
			children = (
				76348D61252620E70037513E /* ChartMarkerView.swift */,
			);
			path = Marker;
			sourceTree = "<group>";
		};
		76541F122520322800DDD1C3 /* Settings */ = {
			isa = PBXGroup;
			children = (
				76348B552524267B0037513E /* Release.xcconfig */,
				76348AB1252415690037513E /* Debug.xcconfig */,
				76CAEE5724E9B7D80044508E /* AppInitialization.swift */,
				76541F132520324100DDD1C3 /* AppSettings.swift */,
			);
			path = Settings;
			sourceTree = "<group>";
		};
		76541F1C2520370A00DDD1C3 /* Admin */ = {
			isa = PBXGroup;
			children = (
				76541F1E2520371E00DDD1C3 /* Views */,
			);
			path = Admin;
			sourceTree = "<group>";
		};
		76541F1E2520371E00DDD1C3 /* Views */ = {
			isa = PBXGroup;
			children = (
				76541F1F2520375100DDD1C3 /* DialogView.swift */,
			);
			path = Views;
			sourceTree = "<group>";
		};
		766FEF14251B9A88000377C6 /* SUILottie */ = {
			isa = PBXGroup;
			children = (
				766FEF15251B9A88000377C6 /* SUILottieView.swift */,
			);
			path = SUILottie;
			sourceTree = "<group>";
		};
		766FEF1A251B9ED6000377C6 /* StartSU */ = {
			isa = PBXGroup;
			children = (
				766FEF2A251BC8A8000377C6 /* Views */,
				766FEF29251BC849000377C6 /* Core */,
			);
			path = StartSU;
			sourceTree = "<group>";
		};
		766FEF29251BC849000377C6 /* Core */ = {
			isa = PBXGroup;
			children = (
				766FEF2B251BC8D3000377C6 /* StartViewModel.swift */,
				766FEF30251C26DE000377C6 /* StartService.swift */,
			);
			path = Core;
			sourceTree = "<group>";
		};
		766FEF2A251BC8A8000377C6 /* Views */ = {
			isa = PBXGroup;
			children = (
				766FEF1B251B9EFB000377C6 /* StartView.swift */,
			);
			path = Views;
			sourceTree = "<group>";
		};
		767DD86C24C3AC77006FDC1A /* Utilities */ = {
			isa = PBXGroup;
			children = (
				767DD87324C3C800006FDC1A /* Store.swift */,
				767DD86924C3AC37006FDC1A /* CancelBag.swift */,
				767DD86024C3AC14006FDC1A /* APICall.swift */,
				767DD85D24C3AC14006FDC1A /* Loadable.swift */,
				767DD85E24C3AC14006FDC1A /* NetworkingHelpers.swift */,
				767DD85F24C3AC14006FDC1A /* WebRepository.swift */,
				76069E6424C5D5A3009DED56 /* Reachability.swift */,
				76C15C9F24CE011800045D9A /* RefreshRepository.swift */,
				7698A68124E1A93D00A93964 /* AccessRepository.swift */,
				7698A68424E1B06900A93964 /* HTTPEntities.swift */,
			);
			path = Utilities;
			sourceTree = "<group>";
		};
		768B340E24FAF7D300D80BDE /* SplitView */ = {
			isa = PBXGroup;
			children = (
				768B340F24FAF7E600D80BDE /* SplitView.swift */,
			);
			path = SplitView;
			sourceTree = "<group>";
		};
		768B341724FB512A00D80BDE /* Step */ = {
			isa = PBXGroup;
			children = (
				768B341824FB513500D80BDE /* Step.swift */,
			);
			path = Step;
			sourceTree = "<group>";
		};
		768D8BEB24C2444E004BEADA /* LoginSU */ = {
			isa = PBXGroup;
			children = (
				76541F1C2520370A00DDD1C3 /* Admin */,
				76C15C6A24C7A80500045D9A /* Resend Password */,
				76D017C424C6034A0092F1A6 /* Register */,
				76D017C324C603350092F1A6 /* Login */,
			);
			path = LoginSU;
			sourceTree = "<group>";
		};
		768D8BFB24C39336004BEADA /* SFSymbols */ = {
			isa = PBXGroup;
			children = (
				768D8BE524C22B35004BEADA /* SFSymbols.swift */,
				768D8BE624C22B35004BEADA /* SFSymbols+Extensions.swift */,
			);
			path = SFSymbols;
			sourceTree = "<group>";
		};
		768D8BFC24C39357004BEADA /* SwiftUI */ = {
			isa = PBXGroup;
			children = (
				76348D582524EA820037513E /* SchemeView */,
				76348721252396C10037513E /* MailView */,
				762C72E52522D17700A67110 /* NPSView */,
				762C72DB2522D09D00A67110 /* StarShape */,
				766FEF14251B9A88000377C6 /* SUILottie */,
				768B341724FB512A00D80BDE /* Step */,
				768B340E24FAF7D300D80BDE /* SplitView */,
				7611A23C24F888730012BE56 /* AnimatedText */,
				7611A21824F495C30012BE56 /* LineChartBridge */,
				7698A68B24E347C400A93964 /* GenericView */,
				7698A68924E347C400A93964 /* LoadingView */,
				767DD86C24C3AC77006FDC1A /* Utilities */,
				768D8BF524C34023004BEADA /* KeyboardObserver.swift */,
				768D8BF824C34CB4004BEADA /* FloatingTextField.swift */,
				768D8BFD24C39370004BEADA /* Text+Extensions.swift */,
				76069E5824C3EED6009DED56 /* LoadingView.swift */,
				76069E5B24C4DA96009DED56 /* LoadingButton.swift */,
				76069E5E24C525FD009DED56 /* PopupView.swift */,
				76069E6124C52616009DED56 /* RoundedRadius.swift */,
				76B2602524C5EBB7003BF4B4 /* BlurView.swift */,
				7611A24D24F89B130012BE56 /* DoubleButtons.swift */,
				76843B8924FD2C780048F6B3 /* JewSegmentedControl.swift */,
			);
			path = SwiftUI;
			sourceTree = "<group>";
		};
		7698A68924E347C400A93964 /* LoadingView */ = {
			isa = PBXGroup;
			children = (
				7698A68A24E347C400A93964 /* SUIJEWLoadingView.swift */,
			);
			path = LoadingView;
			sourceTree = "<group>";
		};
		7698A68B24E347C400A93964 /* GenericView */ = {
			isa = PBXGroup;
			children = (
				7698A68C24E347C400A93964 /* SUIJewGenericView.swift */,
			);
			path = GenericView;
			sourceTree = "<group>";
		};
		76B2602024C5EB24003BF4B4 /* Views */ = {
			isa = PBXGroup;
			children = (
				768D8BEF24C24490004BEADA /* LoginView.swift */,
				768D8C0024C393A4004BEADA /* LoginComponentsView.swift */,
			);
			path = Views;
			sourceTree = "<group>";
		};
		76B2602124C5EB2D003BF4B4 /* Core */ = {
			isa = PBXGroup;
			children = (
				768D8C0324C3A2F8004BEADA /* LoginViewModel.swift */,
				767DD86D24C3AE7B006FDC1A /* LoginRepository.swift */,
				767DD87024C3C384006FDC1A /* LoginService.swift */,
			);
			path = Core;
			sourceTree = "<group>";
		};
		76C15C6A24C7A80500045D9A /* Resend Password */ = {
			isa = PBXGroup;
			children = (
				76C15C6B24C7A80500045D9A /* Core */,
				76C15C6F24C7A80500045D9A /* Views */,
			);
			path = "Resend Password";
			sourceTree = "<group>";
		};
		76C15C6B24C7A80500045D9A /* Core */ = {
			isa = PBXGroup;
			children = (
				76C15C6D24C7A80500045D9A /* ResendPasswordService.swift */,
				76C15C6E24C7A80500045D9A /* ResendPasswordViewModel.swift */,
			);
			path = Core;
			sourceTree = "<group>";
		};
		76C15C6F24C7A80500045D9A /* Views */ = {
			isa = PBXGroup;
			children = (
				76C15C7024C7A80500045D9A /* ResendPasswordView.swift */,
			);
			path = Views;
			sourceTree = "<group>";
		};
		76C15C7924C91B3A00045D9A /* SimulationSU */ = {
			isa = PBXGroup;
			children = (
				7611A24024F893FE0012BE56 /* Creation */,
				7611A14424F1DC330012BE56 /* Models */,
				76CAEE6E24E9F3250044508E /* Detail */,
				76C15C7A24C91B4D00045D9A /* Simulations */,
			);
			path = SimulationSU;
			sourceTree = "<group>";
		};
		76C15C7A24C91B4D00045D9A /* Simulations */ = {
			isa = PBXGroup;
			children = (
				76C15C8C24CCEA8D00045D9A /* Core */,
				76C15C8B24CCEA8400045D9A /* Views */,
			);
			path = Simulations;
			sourceTree = "<group>";
		};
		76C15C8B24CCEA8400045D9A /* Views */ = {
			isa = PBXGroup;
			children = (
				76C15C7B24C91B6800045D9A /* SimulationsView.swift */,
				76CAEE5A24E9BD250044508E /* SimulationCell.swift */,
			);
			path = Views;
			sourceTree = "<group>";
		};
		76C15C8C24CCEA8D00045D9A /* Core */ = {
			isa = PBXGroup;
			children = (
				76C15C9624CCEAE400045D9A /* SimulationsRepository.swift */,
				76C15C9724CCEAE400045D9A /* SimulationsService.swift */,
				76C15C9824CCEAE500045D9A /* SimulationsViewModel.swift */,
			);
			path = Core;
			sourceTree = "<group>";
		};
		76CAEE6A24E9D7670044508E /* TalkWithUsSU */ = {
			isa = PBXGroup;
			children = (
				763489A82523A0420037513E /* Extra */,
				762C72D32522CB7900A67110 /* Views */,
				762C72D22522CB7500A67110 /* Core */,
			);
			path = TalkWithUsSU;
			sourceTree = "<group>";
		};
		76CAEE6E24E9F3250044508E /* Detail */ = {
			isa = PBXGroup;
			children = (
				76E458AA24EA029F00CFACC4 /* Views */,
				76E458A924EA029A00CFACC4 /* Core */,
			);
			path = Detail;
			sourceTree = "<group>";
		};
		76D017C324C603350092F1A6 /* Login */ = {
			isa = PBXGroup;
			children = (
				76B2602024C5EB24003BF4B4 /* Views */,
				76B2602124C5EB2D003BF4B4 /* Core */,
			);
			path = Login;
			sourceTree = "<group>";
		};
		76D017C424C6034A0092F1A6 /* Register */ = {
			isa = PBXGroup;
			children = (
				76D017C624C64A740092F1A6 /* Views */,
				76D017C524C64A700092F1A6 /* Core */,
			);
			path = Register;
			sourceTree = "<group>";
		};
		76D017C524C64A700092F1A6 /* Core */ = {
			isa = PBXGroup;
			children = (
				7623BA39250F096C00A3091E /* UserRequest.swift */,
				76D017C724C6681B0092F1A6 /* RegisterRepository.swift */,
				76D017CA24C6682D0092F1A6 /* RegisterService.swift */,
				76D017CD24C66C4A0092F1A6 /* RegisterViewModel.swift */,
			);
			path = Core;
			sourceTree = "<group>";
		};
		76D017C624C64A740092F1A6 /* Views */ = {
			isa = PBXGroup;
			children = (
				76C15C6724C7A7F800045D9A /* RegisterView.swift */,
			);
			path = Views;
			sourceTree = "<group>";
		};
		76E458A924EA029A00CFACC4 /* Core */ = {
			isa = PBXGroup;
			children = (
				76E45B2F24ECB54200CFACC4 /* SimulationDetailRepository.swift */,
				76E45B3024ECB54200CFACC4 /* SimulationDetailService.swift */,
				76E458AB24EA02B500CFACC4 /* SimulationDetailViewModel.swift */,
			);
			path = Core;
			sourceTree = "<group>";
		};
		76E458AA24EA029F00CFACC4 /* Views */ = {
			isa = PBXGroup;
			children = (
				76E458A624E9FDE300CFACC4 /* SimulationDetailView.swift */,
			);
			path = Views;
			sourceTree = "<group>";
		};
		F4BF4408D4B1FD25E8984CE5 /* Pods */ = {
			isa = PBXGroup;
			children = (
				96C9F1EA5800CB68A709EF1A /* Pods-InvestScopio.debug.xcconfig */,
				E51923B72D563C11FC98562D /* Pods-InvestScopio.release.xcconfig */,
			);
			path = Pods;
			sourceTree = "<group>";
		};
/* End PBXGroup section */

/* Begin PBXNativeTarget section */
		4A4C68552295784900EDC8C6 /* InvestScopio */ = {
			isa = PBXNativeTarget;
			buildConfigurationList = 4A4C68682295784D00EDC8C6 /* Build configuration list for PBXNativeTarget "InvestScopio" */;
			buildPhases = (
				F4C6554E86C0459F493C0C21 /* [CP] Check Pods Manifest.lock */,
				4A4C68522295784900EDC8C6 /* Sources */,
				4A4C68532295784900EDC8C6 /* Frameworks */,
				4A4C68542295784900EDC8C6 /* Resources */,
				95E0EC8CA88C3DCC647692E1 /* [CP] Embed Pods Frameworks */,
			);
			buildRules = (
			);
			dependencies = (
			);
			name = InvestScopio;
			packageProductDependencies = (
				76D017D124C67F830092F1A6 /* EnvironmentOverrides */,
				76CAEE5524E8EC2D0044508E /* Introspect */,
				76E45B3824EF63A300CFACC4 /* NavigationStack */,
				768B341324FAFCDB00D80BDE /* StepperView */,
			);
			productName = InvestScopio;
			productReference = 4A4C68562295784900EDC8C6 /* InvestScopio.app */;
			productType = "com.apple.product-type.application";
		};
/* End PBXNativeTarget section */

/* Begin PBXProject section */
		4A4C684E2295784900EDC8C6 /* Project object */ = {
			isa = PBXProject;
			attributes = {
				LastSwiftUpdateCheck = 1020;
				LastUpgradeCheck = 1160;
				ORGANIZATIONNAME = "Joao Medeiros Pereira";
				TargetAttributes = {
					4A4C68552295784900EDC8C6 = {
						CreatedOnToolsVersion = 10.2.1;
					};
				};
			};
			buildConfigurationList = 4A4C68512295784900EDC8C6 /* Build configuration list for PBXProject "InvestScopio" */;
			compatibilityVersion = "Xcode 9.3";
			developmentRegion = en;
			hasScannedForEncodings = 0;
			knownRegions = (
				en,
				Base,
			);
			mainGroup = 4A4C684D2295784900EDC8C6;
			packageReferences = (
				76D017D024C67F830092F1A6 /* XCRemoteSwiftPackageReference "EnvironmentOverrides" */,
				76CAEE5224E8EC1B0044508E /* XCRemoteSwiftPackageReference "SwiftUI-Introspect" */,
				76E45B3524EF638F00CFACC4 /* XCRemoteSwiftPackageReference "swiftui-navigation-stack" */,
				768B341224FAFCDB00D80BDE /* XCRemoteSwiftPackageReference "StepperView" */,
			);
			productRefGroup = 4A4C68572295784900EDC8C6 /* Products */;
			projectDirPath = "";
			projectRoot = "";
			targets = (
				4A4C68552295784900EDC8C6 /* InvestScopio */,
			);
		};
/* End PBXProject section */

/* Begin PBXResourcesBuildPhase section */
		4A4C68542295784900EDC8C6 /* Resources */ = {
			isa = PBXResourcesBuildPhase;
			buildActionMask = 2147483647;
			files = (
				766FEF25251BAE48000377C6 /* animatedLogoDark.json in Resources */,
				76348ABB252417740037513E /* GoogleServiceInfoDev.plist in Resources */,
				4A8E0E7422CD3F6500897D38 /* refreshAnimationPurple.json in Resources */,
				4A8E0E7A22CD3F6500897D38 /* closePlusAnimation.json in Resources */,
				4AFF3EEA22BC00820056A167 /* GoogleServiceInfoProd.plist in Resources */,
				4A4C68C12295796200EDC8C6 /* Images.xcassets in Resources */,
				4A8E0E7222CD3F6500897D38 /* animatedLoadingWhite.json in Resources */,
				4A8E0E7022CD3F6500897D38 /* star.json in Resources */,
				4A4C68DA2295796200EDC8C6 /* LaunchScreen.xib in Resources */,
				4A8E0E6E22CD3F6500897D38 /* animatedLoadingPurple.json in Resources */,
				4A8E0E7622CD3F6500897D38 /* animatedLogo.json in Resources */,
				4A8E0E7822CD3F6500897D38 /* animatedLogoWhite.json in Resources */,
			);
			runOnlyForDeploymentPostprocessing = 0;
		};
/* End PBXResourcesBuildPhase section */

/* Begin PBXShellScriptBuildPhase section */
		95E0EC8CA88C3DCC647692E1 /* [CP] Embed Pods Frameworks */ = {
			isa = PBXShellScriptBuildPhase;
			buildActionMask = 2147483647;
			files = (
			);
			inputFileListPaths = (
				"${PODS_ROOT}/Target Support Files/Pods-InvestScopio/Pods-InvestScopio-frameworks-${CONFIGURATION}-input-files.xcfilelist",
			);
			name = "[CP] Embed Pods Frameworks";
			outputFileListPaths = (
				"${PODS_ROOT}/Target Support Files/Pods-InvestScopio/Pods-InvestScopio-frameworks-${CONFIGURATION}-output-files.xcfilelist",
			);
			runOnlyForDeploymentPostprocessing = 0;
			shellPath = /bin/sh;
			shellScript = "\"${PODS_ROOT}/Target Support Files/Pods-InvestScopio/Pods-InvestScopio-frameworks.sh\"\n";
			showEnvVarsInLog = 0;
		};
		F4C6554E86C0459F493C0C21 /* [CP] Check Pods Manifest.lock */ = {
			isa = PBXShellScriptBuildPhase;
			buildActionMask = 2147483647;
			files = (
			);
			inputFileListPaths = (
			);
			inputPaths = (
				"${PODS_PODFILE_DIR_PATH}/Podfile.lock",
				"${PODS_ROOT}/Manifest.lock",
			);
			name = "[CP] Check Pods Manifest.lock";
			outputFileListPaths = (
			);
			outputPaths = (
				"$(DERIVED_FILE_DIR)/Pods-InvestScopio-checkManifestLockResult.txt",
			);
			runOnlyForDeploymentPostprocessing = 0;
			shellPath = /bin/sh;
			shellScript = "diff \"${PODS_PODFILE_DIR_PATH}/Podfile.lock\" \"${PODS_ROOT}/Manifest.lock\" > /dev/null\nif [ $? != 0 ] ; then\n    # print error to STDERR\n    echo \"error: The sandbox is not in sync with the Podfile.lock. Run 'pod install' or update your CocoaPods installation.\" >&2\n    exit 1\nfi\n# This output is used by Xcode 'outputs' to avoid re-running this script phase.\necho \"SUCCESS\" > \"${SCRIPT_OUTPUT_FILE_0}\"\n";
			showEnvVarsInLog = 0;
		};
/* End PBXShellScriptBuildPhase section */

/* Begin PBXSourcesBuildPhase section */
		4A4C68522295784900EDC8C6 /* Sources */ = {
			isa = PBXSourcesBuildPhase;
			buildActionMask = 2147483647;
			files = (
				766FEF31251C26DE000377C6 /* StartService.swift in Sources */,
				767DD86A24C3AC37006FDC1A /* CancelBag.swift in Sources */,
				7611A14224F1DADD0012BE56 /* INVSSimulatedValueModel.swift in Sources */,
				76069E5C24C4DA96009DED56 /* LoadingButton.swift in Sources */,
				76348723252396D40037513E /* MailView.swift in Sources */,
				76C15C9924CCEAE500045D9A /* SimulationsRepository.swift in Sources */,
				7611A24E24F89B130012BE56 /* DoubleButtons.swift in Sources */,
				76069E6224C52616009DED56 /* RoundedRadius.swift in Sources */,
				76B2602624C5EBB7003BF4B4 /* BlurView.swift in Sources */,
				768D8C0424C3A2F8004BEADA /* LoginViewModel.swift in Sources */,
				768B341024FAF7E600D80BDE /* SplitView.swift in Sources */,
				76CAEE6824E9C8460044508E /* AppRouterView.swift in Sources */,
				762C72DD2522D0B300A67110 /* Start.swift in Sources */,
				766FEF16251B9A88000377C6 /* SUILottieView.swift in Sources */,
				4A4C68DC2295796200EDC8C6 /* AppDelegate.swift in Sources */,
				762C72D52522CB9000A67110 /* TalkWithUsViewModel.swift in Sources */,
				76D017C824C6681B0092F1A6 /* RegisterRepository.swift in Sources */,
				76348D5A2524EA8E0037513E /* SchemeView.swift in Sources */,
				76D017CB24C6682D0092F1A6 /* RegisterService.swift in Sources */,
				4A4C68C42295796200EDC8C6 /* AppConstants.swift in Sources */,
				76348A352524074D0037513E /* String+INVSExtension.swift in Sources */,
				7611A22524F5EDFD0012BE56 /* ChartDataBaseBridge.swift in Sources */,
				4A27022C22CD409D005DA22A /* NPSModel.swift in Sources */,
				763489FB2523A52A0037513E /* TalkWithUsService.swift in Sources */,
				7611A24B24F897300012BE56 /* SimulationCreationStepViewModel.swift in Sources */,
				76E458A724E9FDE300CFACC4 /* SimulationDetailView.swift in Sources */,
				7611A13F24F1DAB50012BE56 /* SimulatorModel.swift in Sources */,
				767DD87424C3C800006FDC1A /* Store.swift in Sources */,
				762C72E72522D18800A67110 /* NPSView.swift in Sources */,
				76CAEE5B24E9BD250044508E /* SimulationCell.swift in Sources */,
				76843B8A24FD2C780048F6B3 /* JewSegmentedControl.swift in Sources */,
				76C15CA024CE011800045D9A /* RefreshRepository.swift in Sources */,
				7623BA37250D859700A3091E /* DeleteSimulationModel.swift in Sources */,
				76C15C6824C7A7F800045D9A /* RegisterView.swift in Sources */,
				768D8BF024C24490004BEADA /* LoginView.swift in Sources */,
				7655A2D02507FA7B004B3E0D /* SimulationCreationView+StepView.swift in Sources */,
				76348D62252620E70037513E /* ChartMarkerView.swift in Sources */,
				76CAEE6C24E9D7880044508E /* TalkWithUsView.swift in Sources */,
				766FEF2C251BC8D3000377C6 /* StartViewModel.swift in Sources */,
				7611A21A24F495D30012BE56 /* LineChartBridge.swift in Sources */,
				7655A2CA25071297004B3E0D /* CreateSimulationSegments.swift in Sources */,
				7611A23E24F888BE0012BE56 /* AnimatedText.swift in Sources */,
				7698A68D24E347C500A93964 /* SUIJEWLoadingView.swift in Sources */,
				768D8BE924C22B35004BEADA /* SFSymbols+Extensions.swift in Sources */,
				76541F142520324100DDD1C3 /* AppSettings.swift in Sources */,
				767DD86524C3AC14006FDC1A /* WebRepository.swift in Sources */,
				767DD86324C3AC14006FDC1A /* NetworkingHelpers.swift in Sources */,
				7623BA3A250F096C00A3091E /* UserRequest.swift in Sources */,
				768B341924FB513500D80BDE /* Step.swift in Sources */,
				76348A3C252408150037513E /* NSAttributedString+INVSExtension.swift in Sources */,
				4AFF3E6022B9B32E0056A167 /* LocalCrypto.swift in Sources */,
				7611A22F24F5EEBA0012BE56 /* LineChartDataSetBaseBridge.swift in Sources */,
				768D8C0124C393A4004BEADA /* LoginComponentsView.swift in Sources */,
				7655A2CD250712C3004B3E0D /* StepModel.swift in Sources */,
				7655A2C725070CBC004B3E0D /* SimulationCreationViewModel.swift in Sources */,
				768D8BFE24C39370004BEADA /* Text+Extensions.swift in Sources */,
				76069E6524C5D5A3009DED56 /* Reachability.swift in Sources */,
				76D017CE24C66C4A0092F1A6 /* RegisterViewModel.swift in Sources */,
				768D8BF624C34023004BEADA /* KeyboardObserver.swift in Sources */,
				76C15C9B24CCEAE500045D9A /* SimulationsService.swift in Sources */,
				7698A68224E1A93D00A93964 /* AccessRepository.swift in Sources */,
				7611A21E24F4969E0012BE56 /* BalloonMarker.swift in Sources */,
				76E45B3124ECB54200CFACC4 /* SimulationDetailRepository.swift in Sources */,
				7611A24524F8941D0012BE56 /* SimulationCreationViewType.swift in Sources */,
				7698A68524E1B06900A93964 /* HTTPEntities.swift in Sources */,
				7698A68F24E347C500A93964 /* SUIJewGenericView.swift in Sources */,
				767DD87124C3C384006FDC1A /* LoginService.swift in Sources */,
				76C15C7724C7A80500045D9A /* ResendPasswordView.swift in Sources */,
				76C15C7524C7A80500045D9A /* ResendPasswordViewModel.swift in Sources */,
				767DD86E24C3AE7B006FDC1A /* LoginRepository.swift in Sources */,
				766FEF1C251B9EFB000377C6 /* StartView.swift in Sources */,
				76348A41252408660037513E /* UIFont+INVSExtension.swift in Sources */,
				76E458AC24EA02B500CFACC4 /* SimulationDetailViewModel.swift in Sources */,
				76541F202520375100DDD1C3 /* DialogView.swift in Sources */,
				76069E5924C3EED6009DED56 /* LoadingView.swift in Sources */,
				4A0FFEA522B438B000D6A33A /* FirebaseErrorHandler.swift in Sources */,
				763489F62523A51E0037513E /* TalkWithUsRepository.swift in Sources */,
				768D8BF924C34CB4004BEADA /* FloatingTextField.swift in Sources */,
				767DD86124C3AC14006FDC1A /* Loadable.swift in Sources */,
				76CAEE5824E9B7D80044508E /* AppInitialization.swift in Sources */,
				76C15C7C24C91B6800045D9A /* SimulationsView.swift in Sources */,
				768D8BE724C22B35004BEADA /* SFSymbols.swift in Sources */,
				76C15C9D24CCEAE500045D9A /* SimulationsViewModel.swift in Sources */,
				76069E5F24C525FD009DED56 /* PopupView.swift in Sources */,
				768D8BE324C208BF004BEADA /* SceneDelegate.swift in Sources */,
				7611A22824F5EE210012BE56 /* ChartInterativeDataBridge.swift in Sources */,
				76E45B3324ECB54200CFACC4 /* SimulationDetailService.swift in Sources */,
				7611A22B24F5EE5F0012BE56 /* ChartInformationDataBridge.swift in Sources */,
				76C15C7324C7A80500045D9A /* ResendPasswordService.swift in Sources */,
				4AFF3F0422BF12120056A167 /* ConnectorRoutes.swift in Sources */,
				7611A24224F894100012BE56 /* SimulationCreationView.swift in Sources */,
				767DD86724C3AC14006FDC1A /* APICall.swift in Sources */,
			);
			runOnlyForDeploymentPostprocessing = 0;
		};
/* End PBXSourcesBuildPhase section */

/* Begin PBXVariantGroup section */
		4A4C68A92295796100EDC8C6 /* LaunchScreen.xib */ = {
			isa = PBXVariantGroup;
			children = (
				4A4C68AA2295796100EDC8C6 /* Base */,
			);
			name = LaunchScreen.xib;
			sourceTree = "<group>";
		};
/* End PBXVariantGroup section */

/* Begin XCBuildConfiguration section */
		4A4C68662295784D00EDC8C6 /* Debug */ = {
			isa = XCBuildConfiguration;
			buildSettings = {
				ALWAYS_SEARCH_USER_PATHS = NO;
				CLANG_ANALYZER_NONNULL = YES;
				CLANG_ANALYZER_NUMBER_OBJECT_CONVERSION = YES_AGGRESSIVE;
				CLANG_CXX_LANGUAGE_STANDARD = "gnu++14";
				CLANG_CXX_LIBRARY = "libc++";
				CLANG_ENABLE_MODULES = YES;
				CLANG_ENABLE_OBJC_ARC = YES;
				CLANG_ENABLE_OBJC_WEAK = YES;
				CLANG_WARN_BLOCK_CAPTURE_AUTORELEASING = YES;
				CLANG_WARN_BOOL_CONVERSION = YES;
				CLANG_WARN_COMMA = YES;
				CLANG_WARN_CONSTANT_CONVERSION = YES;
				CLANG_WARN_DEPRECATED_OBJC_IMPLEMENTATIONS = YES;
				CLANG_WARN_DIRECT_OBJC_ISA_USAGE = YES_ERROR;
				CLANG_WARN_DOCUMENTATION_COMMENTS = YES;
				CLANG_WARN_EMPTY_BODY = YES;
				CLANG_WARN_ENUM_CONVERSION = YES;
				CLANG_WARN_INFINITE_RECURSION = YES;
				CLANG_WARN_INT_CONVERSION = YES;
				CLANG_WARN_NON_LITERAL_NULL_CONVERSION = YES;
				CLANG_WARN_OBJC_IMPLICIT_RETAIN_SELF = YES;
				CLANG_WARN_OBJC_LITERAL_CONVERSION = YES;
				CLANG_WARN_OBJC_ROOT_CLASS = YES_ERROR;
				CLANG_WARN_RANGE_LOOP_ANALYSIS = YES;
				CLANG_WARN_STRICT_PROTOTYPES = YES;
				CLANG_WARN_SUSPICIOUS_MOVE = YES;
				CLANG_WARN_UNGUARDED_AVAILABILITY = YES_AGGRESSIVE;
				CLANG_WARN_UNREACHABLE_CODE = YES;
				CLANG_WARN__DUPLICATE_METHOD_MATCH = YES;
				CODE_SIGN_IDENTITY = "iPhone Developer";
				COPY_PHASE_STRIP = NO;
				DEBUG_INFORMATION_FORMAT = dwarf;
				ENABLE_STRICT_OBJC_MSGSEND = YES;
				ENABLE_TESTABILITY = YES;
				GCC_C_LANGUAGE_STANDARD = gnu11;
				GCC_DYNAMIC_NO_PIC = NO;
				GCC_NO_COMMON_BLOCKS = YES;
				GCC_OPTIMIZATION_LEVEL = 0;
				GCC_PREPROCESSOR_DEFINITIONS = (
					"DEBUG=1",
					"$(inherited)",
				);
				GCC_WARN_64_TO_32_BIT_CONVERSION = YES;
				GCC_WARN_ABOUT_RETURN_TYPE = YES_ERROR;
				GCC_WARN_UNDECLARED_SELECTOR = YES;
				GCC_WARN_UNINITIALIZED_AUTOS = YES_AGGRESSIVE;
				GCC_WARN_UNUSED_FUNCTION = YES;
				GCC_WARN_UNUSED_VARIABLE = YES;
				IPHONEOS_DEPLOYMENT_TARGET = 13.0;
				MTL_ENABLE_DEBUG_INFO = INCLUDE_SOURCE;
				MTL_FAST_MATH = YES;
				ONLY_ACTIVE_ARCH = YES;
				SDKROOT = iphoneos;
				SWIFT_ACTIVE_COMPILATION_CONDITIONS = DEBUG;
				SWIFT_OPTIMIZATION_LEVEL = "-Onone";
			};
			name = Debug;
		};
		4A4C68672295784D00EDC8C6 /* Release */ = {
			isa = XCBuildConfiguration;
			buildSettings = {
				ALWAYS_SEARCH_USER_PATHS = NO;
				CLANG_ANALYZER_NONNULL = YES;
				CLANG_ANALYZER_NUMBER_OBJECT_CONVERSION = YES_AGGRESSIVE;
				CLANG_CXX_LANGUAGE_STANDARD = "gnu++14";
				CLANG_CXX_LIBRARY = "libc++";
				CLANG_ENABLE_MODULES = YES;
				CLANG_ENABLE_OBJC_ARC = YES;
				CLANG_ENABLE_OBJC_WEAK = YES;
				CLANG_WARN_BLOCK_CAPTURE_AUTORELEASING = YES;
				CLANG_WARN_BOOL_CONVERSION = YES;
				CLANG_WARN_COMMA = YES;
				CLANG_WARN_CONSTANT_CONVERSION = YES;
				CLANG_WARN_DEPRECATED_OBJC_IMPLEMENTATIONS = YES;
				CLANG_WARN_DIRECT_OBJC_ISA_USAGE = YES_ERROR;
				CLANG_WARN_DOCUMENTATION_COMMENTS = YES;
				CLANG_WARN_EMPTY_BODY = YES;
				CLANG_WARN_ENUM_CONVERSION = YES;
				CLANG_WARN_INFINITE_RECURSION = YES;
				CLANG_WARN_INT_CONVERSION = YES;
				CLANG_WARN_NON_LITERAL_NULL_CONVERSION = YES;
				CLANG_WARN_OBJC_IMPLICIT_RETAIN_SELF = YES;
				CLANG_WARN_OBJC_LITERAL_CONVERSION = YES;
				CLANG_WARN_OBJC_ROOT_CLASS = YES_ERROR;
				CLANG_WARN_RANGE_LOOP_ANALYSIS = YES;
				CLANG_WARN_STRICT_PROTOTYPES = YES;
				CLANG_WARN_SUSPICIOUS_MOVE = YES;
				CLANG_WARN_UNGUARDED_AVAILABILITY = YES_AGGRESSIVE;
				CLANG_WARN_UNREACHABLE_CODE = YES;
				CLANG_WARN__DUPLICATE_METHOD_MATCH = YES;
				CODE_SIGN_IDENTITY = "iPhone Developer";
				COPY_PHASE_STRIP = NO;
				DEBUG_INFORMATION_FORMAT = "dwarf-with-dsym";
				ENABLE_NS_ASSERTIONS = NO;
				ENABLE_STRICT_OBJC_MSGSEND = YES;
				GCC_C_LANGUAGE_STANDARD = gnu11;
				GCC_NO_COMMON_BLOCKS = YES;
				GCC_OPTIMIZATION_LEVEL = 0;
				GCC_WARN_64_TO_32_BIT_CONVERSION = YES;
				GCC_WARN_ABOUT_RETURN_TYPE = YES_ERROR;
				GCC_WARN_UNDECLARED_SELECTOR = YES;
				GCC_WARN_UNINITIALIZED_AUTOS = YES_AGGRESSIVE;
				GCC_WARN_UNUSED_FUNCTION = YES;
				GCC_WARN_UNUSED_VARIABLE = YES;
				IPHONEOS_DEPLOYMENT_TARGET = 13.0;
				MTL_ENABLE_DEBUG_INFO = NO;
				MTL_FAST_MATH = YES;
				ONLY_ACTIVE_ARCH = YES;
				SDKROOT = iphoneos;
				SWIFT_ACTIVE_COMPILATION_CONDITIONS = RELEASE;
				SWIFT_COMPILATION_MODE = wholemodule;
				SWIFT_OPTIMIZATION_LEVEL = "-O";
				VALIDATE_PRODUCT = YES;
			};
			name = Release;
		};
		4A4C68692295784D00EDC8C6 /* Debug */ = {
			isa = XCBuildConfiguration;
			baseConfigurationReference = 76348AB1252415690037513E /* Debug.xcconfig */;
			buildSettings = {
				ASSETCATALOG_COMPILER_APPICON_NAME = AppIcon;
				CODE_SIGN_IDENTITY = "Apple Development";
				CODE_SIGN_STYLE = Automatic;
				DEVELOPMENT_TEAM = G77MYT7HW8;
				GCC_PREPROCESSOR_DEFINITIONS = (
					"$(inherited)",
					"COCOAPODS=1",
					"$(inherited)",
					"PB_FIELD_32BIT=1",
					"PB_NO_PACKED_STRUCTS=1",
					"PB_ENABLE_MALLOC=1",
				);
				INFOPLIST_FILE = "InvestScopio/Supporting Files/InvestScopio-Info.plist";
				IPHONEOS_DEPLOYMENT_TARGET = 13.0;
				LD_RUNPATH_SEARCH_PATHS = (
					"$(inherited)",
					"@executable_path/Frameworks",
				);
				MARKETING_VERSION = 2.0.0;
				OTHER_SWIFT_FLAGS = "$(inherited) -D COCOAPODS";
				PRODUCT_BUNDLE_IDENTIFIER = com.br.joao.gabriel.medeiros.pereira.InvestScopio.dev;
				PRODUCT_NAME = "$(TARGET_NAME)";
				PROVISIONING_PROFILE_SPECIFIER = "";
				SWIFT_ACTIVE_COMPILATION_CONDITIONS = "";
				SWIFT_OBJC_BRIDGING_HEADER = "";
				SWIFT_VERSION = 5.0;
				TARGETED_DEVICE_FAMILY = 1;
			};
			name = Debug;
		};
		4A4C686A2295784D00EDC8C6 /* Release */ = {
			isa = XCBuildConfiguration;
			baseConfigurationReference = 76348B552524267B0037513E /* Release.xcconfig */;
			buildSettings = {
				ASSETCATALOG_COMPILER_APPICON_NAME = AppIcon;
				CODE_SIGN_IDENTITY = "Apple Development";
				CODE_SIGN_STYLE = Automatic;
				DEVELOPMENT_TEAM = G77MYT7HW8;
				GCC_PREPROCESSOR_DEFINITIONS = (
					"$(inherited)",
					"COCOAPODS=1",
					"$(inherited)",
					"PB_FIELD_32BIT=1",
					"PB_NO_PACKED_STRUCTS=1",
					"PB_ENABLE_MALLOC=1",
					"DEV=0",
				);
				INFOPLIST_FILE = "InvestScopio/Supporting Files/InvestScopio-Info.plist";
				IPHONEOS_DEPLOYMENT_TARGET = 13.0;
				LD_RUNPATH_SEARCH_PATHS = (
					"$(inherited)",
					"@executable_path/Frameworks",
				);
				MARKETING_VERSION = 2.0.0;
				ONLY_ACTIVE_ARCH = NO;
				OTHER_SWIFT_FLAGS = "$(inherited) -D COCOAPODS";
				PRODUCT_BUNDLE_IDENTIFIER = com.br.joao.gabriel.medeiros.pereira.InvestScopio;
				PRODUCT_NAME = "$(TARGET_NAME)";
				PROVISIONING_PROFILE_SPECIFIER = "";
				SWIFT_ACTIVE_COMPILATION_CONDITIONS = "";
				SWIFT_OBJC_BRIDGING_HEADER = "";
				SWIFT_OPTIMIZATION_LEVEL = "-Onone";
				SWIFT_VERSION = 5.0;
				TARGETED_DEVICE_FAMILY = 1;
			};
			name = Release;
		};
/* End XCBuildConfiguration section */

/* Begin XCConfigurationList section */
		4A4C68512295784900EDC8C6 /* Build configuration list for PBXProject "InvestScopio" */ = {
			isa = XCConfigurationList;
			buildConfigurations = (
				4A4C68662295784D00EDC8C6 /* Debug */,
				4A4C68672295784D00EDC8C6 /* Release */,
			);
			defaultConfigurationIsVisible = 0;
			defaultConfigurationName = Release;
		};
		4A4C68682295784D00EDC8C6 /* Build configuration list for PBXNativeTarget "InvestScopio" */ = {
			isa = XCConfigurationList;
			buildConfigurations = (
				4A4C68692295784D00EDC8C6 /* Debug */,
				4A4C686A2295784D00EDC8C6 /* Release */,
			);
			defaultConfigurationIsVisible = 0;
			defaultConfigurationName = Release;
		};
/* End XCConfigurationList section */

/* Begin XCRemoteSwiftPackageReference section */
		768B341224FAFCDB00D80BDE /* XCRemoteSwiftPackageReference "StepperView" */ = {
			isa = XCRemoteSwiftPackageReference;
			repositoryURL = "https://github.com/badrinathvm/StepperView.git";
			requirement = {
				kind = upToNextMajorVersion;
				minimumVersion = 1.5.2;
			};
		};
		76CAEE5224E8EC1B0044508E /* XCRemoteSwiftPackageReference "SwiftUI-Introspect" */ = {
			isa = XCRemoteSwiftPackageReference;
			repositoryURL = "https://github.com/siteline/SwiftUI-Introspect.git";
			requirement = {
				kind = upToNextMajorVersion;
				minimumVersion = 0.1.0;
			};
		};
		76D017D024C67F830092F1A6 /* XCRemoteSwiftPackageReference "EnvironmentOverrides" */ = {
			isa = XCRemoteSwiftPackageReference;
			repositoryURL = "https://github.com/nalexn/EnvironmentOverrides";
			requirement = {
				kind = upToNextMajorVersion;
				minimumVersion = 0.0.2;
			};
		};
		76E45B3524EF638F00CFACC4 /* XCRemoteSwiftPackageReference "swiftui-navigation-stack" */ = {
			isa = XCRemoteSwiftPackageReference;
			repositoryURL = "https://github.com/biobeats/swiftui-navigation-stack.git";
			requirement = {
				kind = upToNextMajorVersion;
				minimumVersion = 0.1.0;
			};
		};
/* End XCRemoteSwiftPackageReference section */

/* Begin XCSwiftPackageProductDependency section */
		768B341324FAFCDB00D80BDE /* StepperView */ = {
			isa = XCSwiftPackageProductDependency;
			package = 768B341224FAFCDB00D80BDE /* XCRemoteSwiftPackageReference "StepperView" */;
			productName = StepperView;
		};
		76CAEE5524E8EC2D0044508E /* Introspect */ = {
			isa = XCSwiftPackageProductDependency;
			package = 76CAEE5224E8EC1B0044508E /* XCRemoteSwiftPackageReference "SwiftUI-Introspect" */;
			productName = Introspect;
		};
		76D017D124C67F830092F1A6 /* EnvironmentOverrides */ = {
			isa = XCSwiftPackageProductDependency;
			package = 76D017D024C67F830092F1A6 /* XCRemoteSwiftPackageReference "EnvironmentOverrides" */;
			productName = EnvironmentOverrides;
		};
		76E45B3824EF63A300CFACC4 /* NavigationStack */ = {
			isa = XCSwiftPackageProductDependency;
			package = 76E45B3524EF638F00CFACC4 /* XCRemoteSwiftPackageReference "swiftui-navigation-stack" */;
			productName = NavigationStack;
		};
/* End XCSwiftPackageProductDependency section */
	};
	rootObject = 4A4C684E2295784900EDC8C6 /* Project object */;
}
