PODS:
  - Charts (3.3.0):
    - Charts/Core (= 3.3.0)
  - Charts/Core (3.3.0)
  - Hero (1.4.0)
  - lottie-ios (3.0.6)
  - SkeletonView (1.5)
  - SwiftKeychainWrapper (3.3.0)

DEPENDENCIES:
  - Charts
  - Hero (from `https://github.com/barrault01/Hero.git`, commit `6220387`)
  - lottie-ios
  - SkeletonView
  - SwiftKeychainWrapper

SPEC REPOS:
  https://github.com/cocoapods/specs.git:
    - Charts
    - lottie-ios
    - SkeletonView
    - SwiftKeychainWrapper

EXTERNAL SOURCES:
  Hero:
    :commit: '6220387'
    :git: https://github.com/barrault01/Hero.git

CHECKOUT OPTIONS:
  Hero:
    :commit: '6220387'
    :git: https://github.com/barrault01/Hero.git

SPEC CHECKSUMS:
  Charts: ec1f57f9340054155691e84d4544a1d239d382c5
  Hero: bac92350d7201a1a940003e0767c7b52ce7c99a1
  lottie-ios: d030b6cda141cfd8bbaa3db89264785e6fdf675a
  SkeletonView: 6cbb80f82f8bdee3f9093e2fa03b84819b4bd826
  SwiftKeychainWrapper: ef5ad793bc0e08e24a5913f28345b8f7bc8e4123

PODFILE CHECKSUM: bc4f6cf4384585593ad2473a214dacec377b0cbf

COCOAPODS: 1.6.1
