{
  "object": {
    "pins": [
      {
        "package": "EnvironmentOverrides",
        "repositoryURL": "https://github.com/nalexn/EnvironmentOverrides",
        "state": {
          "branch": null,
          "revision": "3e47b5fc04e6dc50797c25dfca2137b65b85c355",
          "version": "0.0.2"
        }
      },
      {
        "package": "QGrid",
        "repositoryURL": "https://github.com/Q-Mobile/QGrid",
        "state": {
          "branch": null,
          "revision": "804e59f8cb9f66b226685e9369fb82029742b83a",
          "version": "0.1.4"
        }
      },
      {
        "package": "Introspect",
        "repositoryURL": "https://github.com/siteline/SwiftUI-Introspect.git",
        "state": {
          "branch": null,
          "revision": "de5c32c15ae169cfcb27397ffb2734dcd0e1e6d5",
          "version": "0.1.0"
        }
      },
      {
        "package": "NavigationStack",
        "repositoryURL": "https://github.com/biobeats/swiftui-navigation-stack.git",
        "state": {
          "branch": null,
          "revision": "7b1dd956e4eed27780311520b31f6831ec87a820",
          "version": "0.1.0"
        }
      }
    ]
  },
  "version": 1
}
